{
  "version": 4,
  "terraform_version": "1.7.2",
  "serial": 227,
  "lineage": "7782744b-eceb-66cb-1054-036231c2a072",
  "outputs": {
    "cluster_certificate_authority_data": {
      "value": "LS0tLS1CRUdJTiBDRVJUSUZJQ0FURS0tLS0tCk1JSURCVENDQWUyZ0F3SUJBZ0lJQ1VLaFN5S0Q5NjB3RFFZSktvWklodmNOQVFFTEJRQXdGVEVUTUJFR0ExVUUKQXhNS2EzVmlaWEp1WlhSbGN6QWVGdzB5TkRBeU1EWXdNelEyTkRaYUZ3MHpOREF5TURNd016VXhORFphTUJVeApFekFSQmdOVkJBTVRDbXQxWW1WeWJtVjBaWE13Z2dFaU1BMEdDU3FHU0liM0RRRUJBUVVBQTRJQkR3QXdnZ0VLCkFvSUJBUURtWHpXL2JXRjhRR2JDbzVtaXRQMSs0cGNZc2xTd1BqbkxPVG01TUlieCtmTEhIWnFhOGtaWlhUaHkKdUFUNitWQnE1R1BkNzRaanBxTmZ4M3ViKzg2YTNzalFZanhwTUZXRk95MHdPaFJWbzlteWdrQW9RNUkrL01YQgpha21rcU51NFpzYWxHbkRqTnVnMFVMQkNrMS9PSkdxNEVxUi8xbXBLZ2RKOU4wRktENi9qMFMzY1pTOHArRHJYCm9iVytjdXo0NU9rZWNkaW41RElLRmtYaSs2SXV0T1dWc2NZZVR1ZXY3K1I2UUhVM2NJV3MwN1NGSS9FM095ODQKdnBIWTdMdGpGQkJGQTJRQ1lWemQyYmpTOWVOb0tpbVlXWFdhanNDRGZKbGg2S29vQmNXN2QxUjUwNE5QOFhpTwozc25MMFYyS1liZFVYekZLZ2hpRmpmWCsxUDNyQWdNQkFBR2pXVEJYTUE0R0ExVWREd0VCL3dRRUF3SUNwREFQCkJnTlZIUk1CQWY4RUJUQURBUUgvTUIwR0ExVWREZ1FXQkJRT2hFNXN1ak1IQ1p4dlZwa25yekRXZnlMRzNqQVYKQmdOVkhSRUVEakFNZ2dwcmRXSmxjbTVsZEdWek1BMEdDU3FHU0liM0RRRUJDd1VBQTRJQkFRQmRicGZWT2lRcgpTTWlUQnJrc3YzdDVSWk9xaHhzdEwvakNOQkJicGNiYURpMVJRTlRyRkh2eCtaZWZBU1lmWEcyVXpUZUFNQlk2CmZ0d0ZrbUZOS21ScDRuNzQreFBPNG0zV2c4ODVvNVJ3NzJpMEVsV1dydHFSV3JxVzlVWnlaK25QNHVSbEhaOWQKTDhwZ2dOV293S1BuMEtza2xLOXpqT0tsZ21OaWg3NFZGemtGZTIzU01ibUhwOCsxbkZLTlQycnZ0TnJSWTZJNwpMVmNRangwRlpZdDc4aXExeTlUUUJ3RHVmWVpud1NNMFE4dHpXdTJNdnhzMXlEa3lzWHBqWEd3WUJFK2NqWGlXCmdLdUl2TWp5TzF5dXFWQ1Y0cEd0bFlySFhZUTduNllqNWdzQnU4NkVzd0FiaTNkSVZlbzNCTkpESzBTTTdIMXUKbXYvcVVWc2pabFdXCi0tLS0tRU5EIENFUlRJRklDQVRFLS0tLS0K",
      "type": "string"
    },
    "cluster_endpoint": {
      "value": "https://D443D863D3700AD02184D2E39DC9611B.gr7.ap-southeast-2.eks.amazonaws.com",
      "type": "string"
    },
    "cluster_oidc_issuer_url": {
      "value": "https://oidc.eks.ap-southeast-2.amazonaws.com/id/D443D863D3700AD02184D2E39DC9611B",
      "type": "string"
    }
  },
  "resources": [
    {
      "module": "module.cluster.module.eks_with_node_group.module.eks",
      "mode": "data",
      "type": "aws_caller_identity",
      "name": "current",
      "provider": "provider[\"registry.terraform.io/hashicorp/aws\"]",
      "instances": [
        {
          "schema_version": 0,
          "attributes": {
            "account_id": "835776587202",
            "arn": "arn:aws:iam::835776587202:root",
            "id": "835776587202",
            "user_id": "835776587202"
          },
          "sensitive_attributes": []
        }
      ]
    },
    {
      "module": "module.cluster.module.eks_with_node_group.module.eks",
      "mode": "data",
      "type": "aws_eks_addon_version",
      "name": "this",
      "provider": "provider[\"registry.terraform.io/hashicorp/aws\"]",
      "instances": [
        {
          "index_key": "coredns",
          "schema_version": 0,
          "attributes": {
            "addon_name": "coredns",
            "id": "coredns",
            "kubernetes_version": "1.27",
            "most_recent": true,
            "version": "v1.10.1-eksbuild.7"
          },
          "sensitive_attributes": []
        },
        {
          "index_key": "kube-proxy",
          "schema_version": 0,
          "attributes": {
            "addon_name": "kube-proxy",
            "id": "kube-proxy",
            "kubernetes_version": "1.27",
            "most_recent": true,
            "version": "v1.27.8-eksbuild.4"
          },
          "sensitive_attributes": []
        },
        {
          "index_key": "vpc-cni",
          "schema_version": 0,
          "attributes": {
            "addon_name": "vpc-cni",
            "id": "vpc-cni",
            "kubernetes_version": "1.27",
            "most_recent": true,
            "version": "v1.16.2-eksbuild.1"
          },
          "sensitive_attributes": []
        }
      ]
    },
    {
      "module": "module.cluster.module.eks_with_node_group.module.eks",
      "mode": "data",
      "type": "aws_iam_policy_document",
      "name": "assume_role_policy",
      "provider": "provider[\"registry.terraform.io/hashicorp/aws\"]",
      "instances": [
        {
          "index_key": 0,
          "schema_version": 0,
          "attributes": {
            "id": "2764486067",
            "json": "{\n  \"Version\": \"2012-10-17\",\n  \"Statement\": [\n    {\n      \"Sid\": \"EKSClusterAssumeRole\",\n      \"Effect\": \"Allow\",\n      \"Action\": \"sts:AssumeRole\",\n      \"Principal\": {\n        \"Service\": \"eks.amazonaws.com\"\n      }\n    }\n  ]\n}",
            "override_policy_documents": null,
            "policy_id": null,
            "source_policy_documents": null,
            "statement": [
              {
                "actions": [
                  "sts:AssumeRole"
                ],
                "condition": [],
                "effect": "Allow",
                "not_actions": [],
                "not_principals": [],
                "not_resources": [],
                "principals": [
                  {
                    "identifiers": [
                      "eks.amazonaws.com"
                    ],
                    "type": "Service"
                  }
                ],
                "resources": [],
                "sid": "EKSClusterAssumeRole"
              }
            ],
            "version": "2012-10-17"
          },
          "sensitive_attributes": []
        }
      ]
    },
    {
      "module": "module.cluster.module.eks_with_node_group.module.eks",
      "mode": "data",
      "type": "aws_iam_session_context",
      "name": "current",
      "provider": "provider[\"registry.terraform.io/hashicorp/aws\"]",
      "instances": [
        {
          "schema_version": 0,
          "attributes": {
            "arn": "arn:aws:iam::835776587202:root",
            "id": "arn:aws:iam::835776587202:root",
            "issuer_arn": "arn:aws:iam::835776587202:root",
            "issuer_id": "",
            "issuer_name": "",
            "session_name": ""
          },
          "sensitive_attributes": []
        }
      ]
    },
    {
      "module": "module.cluster.module.eks_with_node_group.module.eks",
      "mode": "data",
      "type": "aws_partition",
      "name": "current",
      "provider": "provider[\"registry.terraform.io/hashicorp/aws\"]",
      "instances": [
        {
          "schema_version": 0,
          "attributes": {
            "dns_suffix": "amazonaws.com",
            "id": "aws",
            "partition": "aws",
            "reverse_dns_prefix": "com.amazonaws"
          },
          "sensitive_attributes": []
        }
      ]
    },
    {
      "module": "module.cluster.module.eks_with_node_group.module.eks",
      "mode": "data",
      "type": "tls_certificate",
      "name": "this",
      "provider": "provider[\"registry.terraform.io/hashicorp/tls\"]",
      "instances": [
        {
          "index_key": 0,
          "schema_version": 0,
          "attributes": {
            "certificates": [
              {
                "cert_pem": "-----BEGIN CERTIFICATE-----\nMIIEdTCCA12gAwIBAgIJAKcOSkw0grd/MA0GCSqGSIb3DQEBCwUAMGgxCzAJBgNV\nBAYTAlVTMSUwIwYDVQQKExxTdGFyZmllbGQgVGVjaG5vbG9naWVzLCBJbmMuMTIw\nMAYDVQQLEylTdGFyZmllbGQgQ2xhc3MgMiBDZXJ0aWZpY2F0aW9uIEF1dGhvcml0\neTAeFw0wOTA5MDIwMDAwMDBaFw0zNDA2MjgxNzM5MTZaMIGYMQswCQYDVQQGEwJV\nUzEQMA4GA1UECBMHQXJpem9uYTETMBEGA1UEBxMKU2NvdHRzZGFsZTElMCMGA1UE\nChMcU3RhcmZpZWxkIFRlY2hub2xvZ2llcywgSW5jLjE7MDkGA1UEAxMyU3RhcmZp\nZWxkIFNlcnZpY2VzIFJvb3QgQ2VydGlmaWNhdGUgQXV0aG9yaXR5IC0gRzIwggEi\nMA0GCSqGSIb3DQEBAQUAA4IBDwAwggEKAoIBAQDVDDrEKvlO4vW+GZdfjohTsR8/\ny8+fIBNtKTrID30892t2OGPZNmCom15cAICyL1l/9of5JUOG52kbUpqQ4XHj2C0N\nTm/2yEnZtvMaVq4rtnQU68/7JuMauh2WLmo7WJSJR1b/JaCTcFOD2oR0FMNnngRo\nOt+OQFodSk7PQ5E751bWAHDLUu57fa4657wx+UX2wmDPE1kCK4DMNEffud6QZW0C\nzyyRpqbn3oUYSXxmTqM6bam17jQuug0DuDPfR+uxa40l2ZvOgdFFRjKWcIfeAg5J\nQ4W2bHO7ZOphQazJ1FTfhy/HIrImzJ9ZVGif/L4qL8RVHHVAYBeFAlU5i38FAgMB\nAAGjgfAwge0wDwYDVR0TAQH/BAUwAwEB/zAOBgNVHQ8BAf8EBAMCAYYwHQYDVR0O\nBBYEFJxfAN+qAdcwKziIorhtSpzyEZGDMB8GA1UdIwQYMBaAFL9ft9HO3R+G9FtV\nrNzXEMIOqYjnME8GCCsGAQUFBwEBBEMwQTAcBggrBgEFBQcwAYYQaHR0cDovL28u\nc3MyLnVzLzAhBggrBgEFBQcwAoYVaHR0cDovL3guc3MyLnVzL3guY2VyMCYGA1Ud\nHwQfMB0wG6AZoBeGFWh0dHA6Ly9zLnNzMi51cy9yLmNybDARBgNVHSAECjAIMAYG\nBFUdIAAwDQYJKoZIhvcNAQELBQADggEBACMd44pXyn3pF3lM8R5V/cxTbj5HD9/G\nVfKyBDbtgB9TxF00KGu+x1X8Z+rLP3+QsjPNG1gQggL4+C/1E2DUBc7xgQjB3ad1\nl08YuW3e95ORCLp+QCztweq7dp4zBncdDQh/U90bZKuCJ/Fp1U1ervShw3WnWEQt\n8jxwmKy6abaVd38PMV4s/KCHOkdp8Hlf9BRUpJVeEXgSYCfOn8J3/yNTd126/+pZ\n59vPr5KW7ySaNRB6nJHGDn2Z9j8Z3/VyVOEVqQdZe4O/Ui5GjLIAZHYcSNPYeehu\nVsyuLAOQ1xk4meTKCRlb/weWsKh/NEnfVqn3sF/tM+2MR7cwA130A4w=\n-----END CERTIFICATE-----\n",
                "is_ca": true,
                "issuer": "OU=Starfield Class 2 Certification Authority,O=Starfield Technologies\\, Inc.,C=US",
                "not_after": "2034-06-28T17:39:16Z",
                "not_before": "2009-09-02T00:00:00Z",
                "public_key_algorithm": "RSA",
                "serial_number": "12037640545166866303",
                "sha1_fingerprint": "9e99a48a9960b14926bb7f3b02e22da2b0ab7280",
                "signature_algorithm": "SHA256-RSA",
                "subject": "CN=Starfield Services Root Certificate Authority - G2,O=Starfield Technologies\\, Inc.,L=Scottsdale,ST=Arizona,C=US",
                "version": 3
              },
              {
                "cert_pem": "-----BEGIN CERTIFICATE-----\nMIIEkjCCA3qgAwIBAgITBn+USionzfP6wq4rAfkI7rnExjANBgkqhkiG9w0BAQsF\nADCBmDELMAkGA1UEBhMCVVMxEDAOBgNVBAgTB0FyaXpvbmExEzARBgNVBAcTClNj\nb3R0c2RhbGUxJTAjBgNVBAoTHFN0YXJmaWVsZCBUZWNobm9sb2dpZXMsIEluYy4x\nOzA5BgNVBAMTMlN0YXJmaWVsZCBTZXJ2aWNlcyBSb290IENlcnRpZmljYXRlIEF1\ndGhvcml0eSAtIEcyMB4XDTE1MDUyNTEyMDAwMFoXDTM3MTIzMTAxMDAwMFowOTEL\nMAkGA1UEBhMCVVMxDzANBgNVBAoTBkFtYXpvbjEZMBcGA1UEAxMQQW1hem9uIFJv\nb3QgQ0EgMTCCASIwDQYJKoZIhvcNAQEBBQADggEPADCCAQoCggEBALJ4gHHKeNXj\nca9HgFB0fW7Y14h29Jlo91ghYPl0hAEvrAIthtOgQ3pOsqTQNroBvo3bSMgHFzZM\n9O6II8c+6zf1tRn4SWiw3te5djgdYZ6k/oI2peVKVuRF4fn9tBb6dNqcmzU5L/qw\nIFAGbHrQgLKm+a/sRxmPUDgH3KKHOVj4utWp+UhnMJbulHheb4mjUcAwhmahRWa6\nVOujw5H5SNz/0egwLX0tdHA114gk957EWW67c4cX8jJGKLhD+rcdqsq08p8kDi1L\n93FcXmn/6pUCyziKrlA4b9v7LWIbxcceVOF34GfID5yHI9Y/QCB/IIDEgEw+OyQm\njgSubJrIqg0CAwEAAaOCATEwggEtMA8GA1UdEwEB/wQFMAMBAf8wDgYDVR0PAQH/\nBAQDAgGGMB0GA1UdDgQWBBSEGMyFNOy8DJSULghZnMeyEE4KCDAfBgNVHSMEGDAW\ngBScXwDfqgHXMCs4iKK4bUqc8hGRgzB4BggrBgEFBQcBAQRsMGowLgYIKwYBBQUH\nMAGGImh0dHA6Ly9vY3NwLnJvb3RnMi5hbWF6b250cnVzdC5jb20wOAYIKwYBBQUH\nMAKGLGh0dHA6Ly9jcnQucm9vdGcyLmFtYXpvbnRydXN0LmNvbS9yb290ZzIuY2Vy\nMD0GA1UdHwQ2MDQwMqAwoC6GLGh0dHA6Ly9jcmwucm9vdGcyLmFtYXpvbnRydXN0\nLmNvbS9yb290ZzIuY3JsMBEGA1UdIAQKMAgwBgYEVR0gADANBgkqhkiG9w0BAQsF\nAAOCAQEAYjdCXLwQtT6LLOkMm2xF4gcAevnFWAu5CIw+7bMlPLVvUOTNNWqnkzSW\nMiGpSESrnO09tKpzbeR/FoCJbM8oAxiDR3mjEH4wW6w7sGDgd9QIpuEdfF7Au/ma\neyKdpwAJfqxGF4PcnCZXmTA5YpaP7dreqsXMGz7KQ2hsVxa81Q4gLv7/wmpdLqBK\nbRRYh5TmOTFffHPLkIhqhBGWJ6bt2YFGpn6jcgAKUj6DiAdjd4lpFw85hdKrCEVN\n0FE6/V1dN2RMfjCyVSRCnTawXZwXgWHxyvkQAiSr6w10kY17RSlQOYiypok1JR4U\nakcjMS9cmvqtmg5iUaQqqcT5NJ0hGA==\n-----END CERTIFICATE-----\n",
                "is_ca": true,
                "issuer": "CN=Starfield Services Root Certificate Authority - G2,O=Starfield Technologies\\, Inc.,L=Scottsdale,ST=Arizona,C=US",
                "not_after": "2037-12-31T01:00:00Z",
                "not_before": "2015-05-25T12:00:00Z",
                "public_key_algorithm": "RSA",
                "serial_number": "144918191876577076464031512351042010504348870",
                "sha1_fingerprint": "06b25927c42a721631c1efd9431e648fa62e1e39",
                "signature_algorithm": "SHA256-RSA",
                "subject": "CN=Amazon Root CA 1,O=Amazon,C=US",
                "version": 3
              },
              {
                "cert_pem": "-----BEGIN CERTIFICATE-----\nMIIEXjCCA0agAwIBAgITB3MSOAudZoijOx7Zv5zNpo4ODzANBgkqhkiG9w0BAQsF\nADA5MQswCQYDVQQGEwJVUzEPMA0GA1UEChMGQW1hem9uMRkwFwYDVQQDExBBbWF6\nb24gUm9vdCBDQSAxMB4XDTIyMDgyMzIyMjEyOFoXDTMwMDgyMzIyMjEyOFowPDEL\nMAkGA1UEBhMCVVMxDzANBgNVBAoTBkFtYXpvbjEcMBoGA1UEAxMTQW1hem9uIFJT\nQSAyMDQ4IE0wMTCCASIwDQYJKoZIhvcNAQEBBQADggEPADCCAQoCggEBAOtxLKnL\nH4gokjIwr4pXD3i3NyWVVYesZ1yX0yLI2qIUZ2t88Gfa4gMqs1YSXca1R/lnCKeT\nepWSGA+0+fkQNpp/L4C2T7oTTsddUx7g3ZYzByDTlrwS5HRQQqEFE3O1T5tEJP4t\nf+28IoXsNiEzl3UGzicYgtzj2cWCB41eJgEmJmcf2T8TzzK6a614ZPyq/w4CPAff\nnAV4coz96nW3AyiE2uhuB4zQUIXvgVSycW7sbWLvj5TDXunEpNCRwC4kkZjK7rol\njtT2cbb7W2s4Bkg3R42G3PLqBvt2N32e/0JOTViCk8/iccJ4sXqrS1uUN4iB5Nmv\nJK74csVl+0u0UecCAwEAAaOCAVowggFWMBIGA1UdEwEB/wQIMAYBAf8CAQAwDgYD\nVR0PAQH/BAQDAgGGMB0GA1UdJQQWMBQGCCsGAQUFBwMBBggrBgEFBQcDAjAdBgNV\nHQ4EFgQUgbgOY4qJEhjl+js7UJWf5uWQE4UwHwYDVR0jBBgwFoAUhBjMhTTsvAyU\nlC4IWZzHshBOCggwewYIKwYBBQUHAQEEbzBtMC8GCCsGAQUFBzABhiNodHRwOi8v\nb2NzcC5yb290Y2ExLmFtYXpvbnRydXN0LmNvbTA6BggrBgEFBQcwAoYuaHR0cDov\nL2NydC5yb290Y2ExLmFtYXpvbnRydXN0LmNvbS9yb290Y2ExLmNlcjA/BgNVHR8E\nODA2MDSgMqAwhi5odHRwOi8vY3JsLnJvb3RjYTEuYW1hem9udHJ1c3QuY29tL3Jv\nb3RjYTEuY3JsMBMGA1UdIAQMMAowCAYGZ4EMAQIBMA0GCSqGSIb3DQEBCwUAA4IB\nAQCtAN4CBSMuBjJitGuxlBbkEUDeK/pZwTXv4KqPK0G50fOHOQAd8j21p0cMBgbG\nkfMHVwLU7b0XwZCav0h1ogdPMN1KakK1DT0VwA/+hFvGPJnMV1Kx2G4S1ZaSk0uU\n5QfoiYIIano01J5k4T2HapKQmmOhS/iPtuo00wW+IMLeBuKMn3OLn005hcrOGTad\nhcmeyfhQP7Z+iKHvyoQGi1C0ClymHETx/chhQGDyYSWqB/THwnN15AwLQo0E5V9E\nSJlbe4mBlqeInUsNYugExNf+tOiybcrswBy8OFsd34XOW3rjSUtsuafd9AWySa3h\nxRRrwszrzX/WWGm6wyB+f7C4\n-----END CERTIFICATE-----\n",
                "is_ca": true,
                "issuer": "CN=Amazon Root CA 1,O=Amazon,C=US",
                "not_after": "2030-08-23T22:21:28Z",
                "not_before": "2022-08-23T22:21:28Z",
                "public_key_algorithm": "RSA",
                "serial_number": "166129328851546858514271303855646110030630415",
                "sha1_fingerprint": "2ad974a775f73cbdbbd8f5ac3a49255fa8fb1f8c",
                "signature_algorithm": "SHA256-RSA",
                "subject": "CN=Amazon RSA 2048 M01,O=Amazon,C=US",
                "version": 3
              },
              {
                "cert_pem": "-----BEGIN CERTIFICATE-----\nMIIF9TCCBN2gAwIBAgIQA8QFTawTYraAA6f/mGqUJDANBgkqhkiG9w0BAQsFADA8\nMQswCQYDVQQGEwJVUzEPMA0GA1UEChMGQW1hem9uMRwwGgYDVQQDExNBbWF6b24g\nUlNBIDIwNDggTTAxMB4XDTIzMDQxNDAwMDAwMFoXDTI0MDUxMjIzNTk1OVowMDEu\nMCwGA1UEAxMlb2lkYy5la3MuYXAtc291dGhlYXN0LTIuYW1hem9uYXdzLmNvbTCC\nASIwDQYJKoZIhvcNAQEBBQADggEPADCCAQoCggEBALmj1EzWEvDNksjFe7pacF/1\nHbLhE4GXLVdO5sUjzyjblKmCEkOKx/P5MbiAoWcDAl2QItFw9X1vR/DWK0QlCXk7\nowRGLkwiSR7r72z8qh9kQAlbkGaMjSAumPcPpYS+95Xi8vc4WFNc+QQVQPtbmaKa\ne/IVMzdgvWjd6Nq1pLWOs8q+nEqywj1B737Jlev7T2l8TmzvVaD5nOO2mfou4D0Q\nNBNy5N6HKs4IRXbWy7bEviESNxlvKBR0Bo+R0SjSlgEVwxPdFvIy4H8nCbNwsvZe\nVdvOqP5i2ZYyEOHIzhpS25To/cWK434jQuwSWwltRKuQiKqnJt8q7+1U+zE76ZsC\nAwEAAaOCAv0wggL5MB8GA1UdIwQYMBaAFIG4DmOKiRIY5fo7O1CVn+blkBOFMB0G\nA1UdDgQWBBTkykMqB4DEuJ9+LILllfHIBknIOjAwBgNVHREEKTAngiVvaWRjLmVr\ncy5hcC1zb3V0aGVhc3QtMi5hbWF6b25hd3MuY29tMA4GA1UdDwEB/wQEAwIFoDAd\nBgNVHSUEFjAUBggrBgEFBQcDAQYIKwYBBQUHAwIwOwYDVR0fBDQwMjAwoC6gLIYq\naHR0cDovL2NybC5yMm0wMS5hbWF6b250cnVzdC5jb20vcjJtMDEuY3JsMBMGA1Ud\nIAQMMAowCAYGZ4EMAQIBMHUGCCsGAQUFBwEBBGkwZzAtBggrBgEFBQcwAYYhaHR0\ncDovL29jc3AucjJtMDEuYW1hem9udHJ1c3QuY29tMDYGCCsGAQUFBzAChipodHRw\nOi8vY3J0LnIybTAxLmFtYXpvbnRydXN0LmNvbS9yMm0wMS5jZXIwDAYDVR0TAQH/\nBAIwADCCAX0GCisGAQQB1nkCBAIEggFtBIIBaQFnAHYA7s3QZNXbGs7FXLedtM0T\nojKHRny87N7DUUhZRnEftZsAAAGHfRffXQAABAMARzBFAiBP+nknwYVNFpB1ZsdW\nBAX8sEoDPOqeSep1o+E7lHhrEQIhAIZOSWF5SlRRFP6eDuqb04+zoFjURPBbxrvx\nzF1AzlfhAHYAc9meiRtMlnigIH1HneayxhzQUV5xGSqMa4AQesF3crUAAAGHfRff\nYQAABAMARzBFAiEAyYU+AcjsNho+kZgnWoBWoxBvaNdSrZUz+lw6Yz9YspgCICzs\nx2T3805zoVzA37tQtEHkUrExRO4mt64ruENAcN2HAHUASLDja9qmRzQP5WoC+p0w\n6xxSActW3SyB2bu/qznYhHMAAAGHfRffIwAABAMARjBEAiADZBAslGPwtDMnI3wX\n4OqJ/T6mozeCt9pJg7MmpfLHTQIgI+OV9wgHpAiVZVlcQdNaCytzpi/kHblPZPq2\nsQuBv24wDQYJKoZIhvcNAQELBQADggEBALpnga1SuiDH7k1IbjpChdqYpz25t+UW\nBEi/JKDDWgE7CGJN3JxJDsf8AW+9fnA00n8j0O0lvCJl0dd64RI+tgdeQZ3BjRX2\ncY3bs/IZiIIOhB23O3AgY7MVEHT25GTOwt6ZJFDCdUocUMxf/UZyGqSfHmExHqkY\nYBsCL7fp27Ky30YmlyTuQp47VTvBzPG+gJOPQKEJWZ3dibRLCmlXyNrqKMqaf31G\nxtZbRJiGXQneuRBk4JdrpUwFuC0WwLLsixs7yA2i9scmnbwuN50SgpGDYpEX8BaL\neFM7CQ+G577ZVdOZ0Rt9dOfGbTrmO+iYO760jcDQdD/4XEgBFbbvvHc=\n-----END CERTIFICATE-----\n",
                "is_ca": false,
                "issuer": "CN=Amazon RSA 2048 M01,O=Amazon,C=US",
                "not_after": "2024-05-12T23:59:59Z",
                "not_before": "2023-04-14T00:00:00Z",
                "public_key_algorithm": "RSA",
                "serial_number": "5005481737498963128900686493860402212",
                "sha1_fingerprint": "b836c8c4c0f3c3ab7ab21015c1db0a147da6d3aa",
                "signature_algorithm": "SHA256-RSA",
                "subject": "CN=oidc.eks.ap-southeast-2.amazonaws.com",
                "version": 3
              }
            ],
            "content": null,
            "id": "9c487532a278fce19e21b8856dc33f771a909c70",
            "url": "https://oidc.eks.ap-southeast-2.amazonaws.com/id/D443D863D3700AD02184D2E39DC9611B",
            "verify_chain": true
          },
          "sensitive_attributes": []
        }
      ]
    },
    {
      "module": "module.cluster.module.eks_with_node_group.module.eks",
      "mode": "managed",
      "type": "aws_cloudwatch_log_group",
      "name": "this",
      "provider": "provider[\"registry.terraform.io/hashicorp/aws\"]",
      "instances": [
        {
          "index_key": 0,
          "schema_version": 0,
          "attributes": {
            "arn": "arn:aws:logs:ap-southeast-2:835776587202:log-group:/aws/eks/platformwale/cluster",
            "id": "/aws/eks/platformwale/cluster",
            "kms_key_id": "",
            "name": "/aws/eks/platformwale/cluster",
            "name_prefix": "",
            "retention_in_days": 90,
            "skip_destroy": false,
            "tags": {
              "Name": "/aws/eks/platformwale/cluster"
            },
            "tags_all": {
              "Name": "/aws/eks/platformwale/cluster"
            }
          },
          "sensitive_attributes": [],
          "private": "bnVsbA==",
          "create_before_destroy": true
        }
      ]
    },
    {
      "module": "module.cluster.module.eks_with_node_group.module.eks",
      "mode": "managed",
      "type": "aws_eks_addon",
      "name": "this",
      "provider": "provider[\"registry.terraform.io/hashicorp/aws\"]",
      "instances": [
        {
          "index_key": "coredns",
          "schema_version": 0,
          "attributes": {
            "addon_name": "coredns",
            "addon_version": "v1.10.1-eksbuild.7",
            "arn": "arn:aws:eks:ap-southeast-2:835776587202:addon/platformwale/coredns/7cc6be4a-4c51-2639-ee7c-f00f38cdb94b",
            "cluster_name": "platformwale",
            "configuration_values": "",
            "created_at": "2024-02-06T04:02:10Z",
            "id": "platformwale:coredns",
            "modified_at": "2024-02-06T04:02:18Z",
            "preserve": true,
            "resolve_conflicts": null,
            "resolve_conflicts_on_create": "OVERWRITE",
            "resolve_conflicts_on_update": null,
            "service_account_role_arn": "",
            "tags": null,
            "tags_all": {},
            "timeouts": {
              "create": null,
              "delete": null,
              "update": null
            }
          },
          "sensitive_attributes": [],
          "private": "eyJlMmJmYjczMC1lY2FhLTExZTYtOGY4OC0zNDM2M2JjN2M0YzAiOnsiY3JlYXRlIjoxMjAwMDAwMDAwMDAwLCJkZWxldGUiOjI0MDAwMDAwMDAwMDAsInVwZGF0ZSI6MTIwMDAwMDAwMDAwMH19",
          "dependencies": [
            "module.cluster.module.eks_with_node_group.module.eks.aws_cloudwatch_log_group.this",
            "module.cluster.module.eks_with_node_group.module.eks.aws_eks_cluster.this",
            "module.cluster.module.eks_with_node_group.module.eks.aws_iam_policy.cni_ipv6_policy",
            "module.cluster.module.eks_with_node_group.module.eks.aws_iam_role.this",
            "module.cluster.module.eks_with_node_group.module.eks.aws_iam_role_policy_attachment.this",
            "module.cluster.module.eks_with_node_group.module.eks.aws_security_group.cluster",
            "module.cluster.module.eks_with_node_group.module.eks.aws_security_group.node",
            "module.cluster.module.eks_with_node_group.module.eks.aws_security_group_rule.cluster",
            "module.cluster.module.eks_with_node_group.module.eks.aws_security_group_rule.node",
            "module.cluster.module.eks_with_node_group.module.eks.data.aws_caller_identity.current",
            "module.cluster.module.eks_with_node_group.module.eks.data.aws_eks_addon_version.this",
            "module.cluster.module.eks_with_node_group.module.eks.data.aws_iam_policy_document.assume_role_policy",
            "module.cluster.module.eks_with_node_group.module.eks.data.aws_iam_policy_document.cni_ipv6_policy",
            "module.cluster.module.eks_with_node_group.module.eks.data.aws_iam_session_context.current",
            "module.cluster.module.eks_with_node_group.module.eks.data.aws_partition.current",
            "module.cluster.module.eks_with_node_group.module.eks.module.eks_managed_node_group.aws_autoscaling_schedule.this",
            "module.cluster.module.eks_with_node_group.module.eks.module.eks_managed_node_group.aws_eks_node_group.this",
            "module.cluster.module.eks_with_node_group.module.eks.module.eks_managed_node_group.aws_iam_role.this",
            "module.cluster.module.eks_with_node_group.module.eks.module.eks_managed_node_group.aws_iam_role_policy_attachment.additional",
            "module.cluster.module.eks_with_node_group.module.eks.module.eks_managed_node_group.aws_iam_role_policy_attachment.this",
            "module.cluster.module.eks_with_node_group.module.eks.module.eks_managed_node_group.aws_launch_template.this",
            "module.cluster.module.eks_with_node_group.module.eks.module.eks_managed_node_group.data.aws_caller_identity.current",
            "module.cluster.module.eks_with_node_group.module.eks.module.eks_managed_node_group.data.aws_iam_policy_document.assume_role_policy",
            "module.cluster.module.eks_with_node_group.module.eks.module.eks_managed_node_group.data.aws_partition.current",
            "module.cluster.module.eks_with_node_group.module.eks.module.eks_managed_node_group.module.user_data.data.cloudinit_config.linux_eks_managed_node_group",
            "module.cluster.module.eks_with_node_group.module.eks.module.fargate_profile.aws_eks_fargate_profile.this",
            "module.cluster.module.eks_with_node_group.module.eks.module.fargate_profile.aws_iam_role.this",
            "module.cluster.module.eks_with_node_group.module.eks.module.fargate_profile.aws_iam_role_policy_attachment.additional",
            "module.cluster.module.eks_with_node_group.module.eks.module.fargate_profile.aws_iam_role_policy_attachment.this",
            "module.cluster.module.eks_with_node_group.module.eks.module.fargate_profile.data.aws_caller_identity.current",
            "module.cluster.module.eks_with_node_group.module.eks.module.fargate_profile.data.aws_iam_policy_document.assume_role_policy",
            "module.cluster.module.eks_with_node_group.module.eks.module.fargate_profile.data.aws_partition.current",
            "module.cluster.module.eks_with_node_group.module.eks.module.kms.aws_kms_external_key.this",
            "module.cluster.module.eks_with_node_group.module.eks.module.kms.aws_kms_key.this",
            "module.cluster.module.eks_with_node_group.module.eks.module.kms.data.aws_caller_identity.current",
            "module.cluster.module.eks_with_node_group.module.eks.module.kms.data.aws_iam_policy_document.this",
            "module.cluster.module.eks_with_node_group.module.eks.module.kms.data.aws_partition.current",
            "module.cluster.module.eks_with_node_group.module.eks.module.self_managed_node_group.aws_autoscaling_group.this",
            "module.cluster.module.eks_with_node_group.module.eks.module.self_managed_node_group.aws_autoscaling_schedule.this",
            "module.cluster.module.eks_with_node_group.module.eks.module.self_managed_node_group.aws_iam_instance_profile.this",
            "module.cluster.module.eks_with_node_group.module.eks.module.self_managed_node_group.aws_iam_role.this",
            "module.cluster.module.eks_with_node_group.module.eks.module.self_managed_node_group.aws_iam_role_policy_attachment.additional",
            "module.cluster.module.eks_with_node_group.module.eks.module.self_managed_node_group.aws_iam_role_policy_attachment.this",
            "module.cluster.module.eks_with_node_group.module.eks.module.self_managed_node_group.aws_launch_template.this",
            "module.cluster.module.eks_with_node_group.module.eks.module.self_managed_node_group.data.aws_ami.eks_default",
            "module.cluster.module.eks_with_node_group.module.eks.module.self_managed_node_group.data.aws_caller_identity.current",
            "module.cluster.module.eks_with_node_group.module.eks.module.self_managed_node_group.data.aws_iam_policy_document.assume_role_policy",
            "module.cluster.module.eks_with_node_group.module.eks.module.self_managed_node_group.data.aws_partition.current",
            "module.cluster.module.eks_with_node_group.module.eks.module.self_managed_node_group.module.user_data.data.cloudinit_config.linux_eks_managed_node_group",
            "module.cluster.module.eks_with_node_group.module.eks.time_sleep.this",
            "module.cluster.module.vpc_with_subnets.data.aws_availability_zones.available",
            "module.cluster.module.vpc_with_subnets.module.vpc_and_subnets.aws_subnet.private",
            "module.cluster.module.vpc_with_subnets.module.vpc_and_subnets.aws_vpc.this",
            "module.cluster.module.vpc_with_subnets.module.vpc_and_subnets.aws_vpc_ipv4_cidr_block_association.this"
          ]
        },
        {
          "index_key": "kube-proxy",
          "schema_version": 0,
          "attributes": {
            "addon_name": "kube-proxy",
            "addon_version": "v1.27.8-eksbuild.4",
            "arn": "arn:aws:eks:ap-southeast-2:835776587202:addon/platformwale/kube-proxy/3cc6be4a-4c56-bba3-c640-77affd17dbb5",
            "cluster_name": "platformwale",
            "configuration_values": "",
            "created_at": "2024-02-06T04:02:09Z",
            "id": "platformwale:kube-proxy",
            "modified_at": "2024-02-06T04:02:42Z",
            "preserve": null,
            "resolve_conflicts": null,
            "resolve_conflicts_on_create": "OVERWRITE",
            "resolve_conflicts_on_update": null,
            "service_account_role_arn": "",
            "tags": null,
            "tags_all": {},
            "timeouts": {
              "create": null,
              "delete": null,
              "update": null
            }
          },
          "sensitive_attributes": [],
          "private": "eyJlMmJmYjczMC1lY2FhLTExZTYtOGY4OC0zNDM2M2JjN2M0YzAiOnsiY3JlYXRlIjoxMjAwMDAwMDAwMDAwLCJkZWxldGUiOjI0MDAwMDAwMDAwMDAsInVwZGF0ZSI6MTIwMDAwMDAwMDAwMH19",
          "dependencies": [
            "module.cluster.module.eks_with_node_group.module.eks.aws_cloudwatch_log_group.this",
            "module.cluster.module.eks_with_node_group.module.eks.aws_eks_cluster.this",
            "module.cluster.module.eks_with_node_group.module.eks.aws_iam_policy.cni_ipv6_policy",
            "module.cluster.module.eks_with_node_group.module.eks.aws_iam_role.this",
            "module.cluster.module.eks_with_node_group.module.eks.aws_iam_role_policy_attachment.this",
            "module.cluster.module.eks_with_node_group.module.eks.aws_security_group.cluster",
            "module.cluster.module.eks_with_node_group.module.eks.aws_security_group.node",
            "module.cluster.module.eks_with_node_group.module.eks.aws_security_group_rule.cluster",
            "module.cluster.module.eks_with_node_group.module.eks.aws_security_group_rule.node",
            "module.cluster.module.eks_with_node_group.module.eks.data.aws_caller_identity.current",
            "module.cluster.module.eks_with_node_group.module.eks.data.aws_eks_addon_version.this",
            "module.cluster.module.eks_with_node_group.module.eks.data.aws_iam_policy_document.assume_role_policy",
            "module.cluster.module.eks_with_node_group.module.eks.data.aws_iam_policy_document.cni_ipv6_policy",
            "module.cluster.module.eks_with_node_group.module.eks.data.aws_iam_session_context.current",
            "module.cluster.module.eks_with_node_group.module.eks.data.aws_partition.current",
            "module.cluster.module.eks_with_node_group.module.eks.module.eks_managed_node_group.aws_autoscaling_schedule.this",
            "module.cluster.module.eks_with_node_group.module.eks.module.eks_managed_node_group.aws_eks_node_group.this",
            "module.cluster.module.eks_with_node_group.module.eks.module.eks_managed_node_group.aws_iam_role.this",
            "module.cluster.module.eks_with_node_group.module.eks.module.eks_managed_node_group.aws_iam_role_policy_attachment.additional",
            "module.cluster.module.eks_with_node_group.module.eks.module.eks_managed_node_group.aws_iam_role_policy_attachment.this",
            "module.cluster.module.eks_with_node_group.module.eks.module.eks_managed_node_group.aws_launch_template.this",
            "module.cluster.module.eks_with_node_group.module.eks.module.eks_managed_node_group.data.aws_caller_identity.current",
            "module.cluster.module.eks_with_node_group.module.eks.module.eks_managed_node_group.data.aws_iam_policy_document.assume_role_policy",
            "module.cluster.module.eks_with_node_group.module.eks.module.eks_managed_node_group.data.aws_partition.current",
            "module.cluster.module.eks_with_node_group.module.eks.module.eks_managed_node_group.module.user_data.data.cloudinit_config.linux_eks_managed_node_group",
            "module.cluster.module.eks_with_node_group.module.eks.module.fargate_profile.aws_eks_fargate_profile.this",
            "module.cluster.module.eks_with_node_group.module.eks.module.fargate_profile.aws_iam_role.this",
            "module.cluster.module.eks_with_node_group.module.eks.module.fargate_profile.aws_iam_role_policy_attachment.additional",
            "module.cluster.module.eks_with_node_group.module.eks.module.fargate_profile.aws_iam_role_policy_attachment.this",
            "module.cluster.module.eks_with_node_group.module.eks.module.fargate_profile.data.aws_caller_identity.current",
            "module.cluster.module.eks_with_node_group.module.eks.module.fargate_profile.data.aws_iam_policy_document.assume_role_policy",
            "module.cluster.module.eks_with_node_group.module.eks.module.fargate_profile.data.aws_partition.current",
            "module.cluster.module.eks_with_node_group.module.eks.module.kms.aws_kms_external_key.this",
            "module.cluster.module.eks_with_node_group.module.eks.module.kms.aws_kms_key.this",
            "module.cluster.module.eks_with_node_group.module.eks.module.kms.data.aws_caller_identity.current",
            "module.cluster.module.eks_with_node_group.module.eks.module.kms.data.aws_iam_policy_document.this",
            "module.cluster.module.eks_with_node_group.module.eks.module.kms.data.aws_partition.current",
            "module.cluster.module.eks_with_node_group.module.eks.module.self_managed_node_group.aws_autoscaling_group.this",
            "module.cluster.module.eks_with_node_group.module.eks.module.self_managed_node_group.aws_autoscaling_schedule.this",
            "module.cluster.module.eks_with_node_group.module.eks.module.self_managed_node_group.aws_iam_instance_profile.this",
            "module.cluster.module.eks_with_node_group.module.eks.module.self_managed_node_group.aws_iam_role.this",
            "module.cluster.module.eks_with_node_group.module.eks.module.self_managed_node_group.aws_iam_role_policy_attachment.additional",
            "module.cluster.module.eks_with_node_group.module.eks.module.self_managed_node_group.aws_iam_role_policy_attachment.this",
            "module.cluster.module.eks_with_node_group.module.eks.module.self_managed_node_group.aws_launch_template.this",
            "module.cluster.module.eks_with_node_group.module.eks.module.self_managed_node_group.data.aws_ami.eks_default",
            "module.cluster.module.eks_with_node_group.module.eks.module.self_managed_node_group.data.aws_caller_identity.current",
            "module.cluster.module.eks_with_node_group.module.eks.module.self_managed_node_group.data.aws_iam_policy_document.assume_role_policy",
            "module.cluster.module.eks_with_node_group.module.eks.module.self_managed_node_group.data.aws_partition.current",
            "module.cluster.module.eks_with_node_group.module.eks.module.self_managed_node_group.module.user_data.data.cloudinit_config.linux_eks_managed_node_group",
            "module.cluster.module.eks_with_node_group.module.eks.time_sleep.this",
            "module.cluster.module.vpc_with_subnets.data.aws_availability_zones.available",
            "module.cluster.module.vpc_with_subnets.module.vpc_and_subnets.aws_subnet.private",
            "module.cluster.module.vpc_with_subnets.module.vpc_and_subnets.aws_vpc.this",
            "module.cluster.module.vpc_with_subnets.module.vpc_and_subnets.aws_vpc_ipv4_cidr_block_association.this"
          ]
        },
        {
          "index_key": "vpc-cni",
          "schema_version": 0,
          "attributes": {
            "addon_name": "vpc-cni",
            "addon_version": "v1.16.2-eksbuild.1",
            "arn": "arn:aws:eks:ap-southeast-2:835776587202:addon/platformwale/vpc-cni/dec6be4a-4c52-1a01-c563-c2a79ab71411",
            "cluster_name": "platformwale",
            "configuration_values": "",
            "created_at": "2024-02-06T04:02:10Z",
            "id": "platformwale:vpc-cni",
            "modified_at": "2024-02-06T04:03:13Z",
            "preserve": null,
            "resolve_conflicts": null,
            "resolve_conflicts_on_create": "OVERWRITE",
            "resolve_conflicts_on_update": null,
            "service_account_role_arn": "",
            "tags": null,
            "tags_all": {},
            "timeouts": {
              "create": null,
              "delete": null,
              "update": null
            }
          },
          "sensitive_attributes": [],
          "private": "eyJlMmJmYjczMC1lY2FhLTExZTYtOGY4OC0zNDM2M2JjN2M0YzAiOnsiY3JlYXRlIjoxMjAwMDAwMDAwMDAwLCJkZWxldGUiOjI0MDAwMDAwMDAwMDAsInVwZGF0ZSI6MTIwMDAwMDAwMDAwMH19",
          "dependencies": [
            "module.cluster.module.eks_with_node_group.module.eks.aws_cloudwatch_log_group.this",
            "module.cluster.module.eks_with_node_group.module.eks.aws_eks_cluster.this",
            "module.cluster.module.eks_with_node_group.module.eks.aws_iam_policy.cni_ipv6_policy",
            "module.cluster.module.eks_with_node_group.module.eks.aws_iam_role.this",
            "module.cluster.module.eks_with_node_group.module.eks.aws_iam_role_policy_attachment.this",
            "module.cluster.module.eks_with_node_group.module.eks.aws_security_group.cluster",
            "module.cluster.module.eks_with_node_group.module.eks.aws_security_group.node",
            "module.cluster.module.eks_with_node_group.module.eks.aws_security_group_rule.cluster",
            "module.cluster.module.eks_with_node_group.module.eks.aws_security_group_rule.node",
            "module.cluster.module.eks_with_node_group.module.eks.data.aws_caller_identity.current",
            "module.cluster.module.eks_with_node_group.module.eks.data.aws_eks_addon_version.this",
            "module.cluster.module.eks_with_node_group.module.eks.data.aws_iam_policy_document.assume_role_policy",
            "module.cluster.module.eks_with_node_group.module.eks.data.aws_iam_policy_document.cni_ipv6_policy",
            "module.cluster.module.eks_with_node_group.module.eks.data.aws_iam_session_context.current",
            "module.cluster.module.eks_with_node_group.module.eks.data.aws_partition.current",
            "module.cluster.module.eks_with_node_group.module.eks.module.eks_managed_node_group.aws_autoscaling_schedule.this",
            "module.cluster.module.eks_with_node_group.module.eks.module.eks_managed_node_group.aws_eks_node_group.this",
            "module.cluster.module.eks_with_node_group.module.eks.module.eks_managed_node_group.aws_iam_role.this",
            "module.cluster.module.eks_with_node_group.module.eks.module.eks_managed_node_group.aws_iam_role_policy_attachment.additional",
            "module.cluster.module.eks_with_node_group.module.eks.module.eks_managed_node_group.aws_iam_role_policy_attachment.this",
            "module.cluster.module.eks_with_node_group.module.eks.module.eks_managed_node_group.aws_launch_template.this",
            "module.cluster.module.eks_with_node_group.module.eks.module.eks_managed_node_group.data.aws_caller_identity.current",
            "module.cluster.module.eks_with_node_group.module.eks.module.eks_managed_node_group.data.aws_iam_policy_document.assume_role_policy",
            "module.cluster.module.eks_with_node_group.module.eks.module.eks_managed_node_group.data.aws_partition.current",
            "module.cluster.module.eks_with_node_group.module.eks.module.eks_managed_node_group.module.user_data.data.cloudinit_config.linux_eks_managed_node_group",
            "module.cluster.module.eks_with_node_group.module.eks.module.fargate_profile.aws_eks_fargate_profile.this",
            "module.cluster.module.eks_with_node_group.module.eks.module.fargate_profile.aws_iam_role.this",
            "module.cluster.module.eks_with_node_group.module.eks.module.fargate_profile.aws_iam_role_policy_attachment.additional",
            "module.cluster.module.eks_with_node_group.module.eks.module.fargate_profile.aws_iam_role_policy_attachment.this",
            "module.cluster.module.eks_with_node_group.module.eks.module.fargate_profile.data.aws_caller_identity.current",
            "module.cluster.module.eks_with_node_group.module.eks.module.fargate_profile.data.aws_iam_policy_document.assume_role_policy",
            "module.cluster.module.eks_with_node_group.module.eks.module.fargate_profile.data.aws_partition.current",
            "module.cluster.module.eks_with_node_group.module.eks.module.kms.aws_kms_external_key.this",
            "module.cluster.module.eks_with_node_group.module.eks.module.kms.aws_kms_key.this",
            "module.cluster.module.eks_with_node_group.module.eks.module.kms.data.aws_caller_identity.current",
            "module.cluster.module.eks_with_node_group.module.eks.module.kms.data.aws_iam_policy_document.this",
            "module.cluster.module.eks_with_node_group.module.eks.module.kms.data.aws_partition.current",
            "module.cluster.module.eks_with_node_group.module.eks.module.self_managed_node_group.aws_autoscaling_group.this",
            "module.cluster.module.eks_with_node_group.module.eks.module.self_managed_node_group.aws_autoscaling_schedule.this",
            "module.cluster.module.eks_with_node_group.module.eks.module.self_managed_node_group.aws_iam_instance_profile.this",
            "module.cluster.module.eks_with_node_group.module.eks.module.self_managed_node_group.aws_iam_role.this",
            "module.cluster.module.eks_with_node_group.module.eks.module.self_managed_node_group.aws_iam_role_policy_attachment.additional",
            "module.cluster.module.eks_with_node_group.module.eks.module.self_managed_node_group.aws_iam_role_policy_attachment.this",
            "module.cluster.module.eks_with_node_group.module.eks.module.self_managed_node_group.aws_launch_template.this",
            "module.cluster.module.eks_with_node_group.module.eks.module.self_managed_node_group.data.aws_ami.eks_default",
            "module.cluster.module.eks_with_node_group.module.eks.module.self_managed_node_group.data.aws_caller_identity.current",
            "module.cluster.module.eks_with_node_group.module.eks.module.self_managed_node_group.data.aws_iam_policy_document.assume_role_policy",
            "module.cluster.module.eks_with_node_group.module.eks.module.self_managed_node_group.data.aws_partition.current",
            "module.cluster.module.eks_with_node_group.module.eks.module.self_managed_node_group.module.user_data.data.cloudinit_config.linux_eks_managed_node_group",
            "module.cluster.module.eks_with_node_group.module.eks.time_sleep.this",
            "module.cluster.module.vpc_with_subnets.data.aws_availability_zones.available",
            "module.cluster.module.vpc_with_subnets.module.vpc_and_subnets.aws_subnet.private",
            "module.cluster.module.vpc_with_subnets.module.vpc_and_subnets.aws_vpc.this",
            "module.cluster.module.vpc_with_subnets.module.vpc_and_subnets.aws_vpc_ipv4_cidr_block_association.this"
          ]
        }
      ]
    },
    {
      "module": "module.cluster.module.eks_with_node_group.module.eks",
      "mode": "managed",
      "type": "aws_eks_cluster",
      "name": "this",
      "provider": "provider[\"registry.terraform.io/hashicorp/aws\"]",
      "instances": [
        {
          "index_key": 0,
          "schema_version": 0,
          "attributes": {
            "arn": "arn:aws:eks:ap-southeast-2:835776587202:cluster/platformwale",
            "certificate_authority": [
              {
                "data": "LS0tLS1CRUdJTiBDRVJUSUZJQ0FURS0tLS0tCk1JSURCVENDQWUyZ0F3SUJBZ0lJQ1VLaFN5S0Q5NjB3RFFZSktvWklodmNOQVFFTEJRQXdGVEVUTUJFR0ExVUUKQXhNS2EzVmlaWEp1WlhSbGN6QWVGdzB5TkRBeU1EWXdNelEyTkRaYUZ3MHpOREF5TURNd016VXhORFphTUJVeApFekFSQmdOVkJBTVRDbXQxWW1WeWJtVjBaWE13Z2dFaU1BMEdDU3FHU0liM0RRRUJBUVVBQTRJQkR3QXdnZ0VLCkFvSUJBUURtWHpXL2JXRjhRR2JDbzVtaXRQMSs0cGNZc2xTd1BqbkxPVG01TUlieCtmTEhIWnFhOGtaWlhUaHkKdUFUNitWQnE1R1BkNzRaanBxTmZ4M3ViKzg2YTNzalFZanhwTUZXRk95MHdPaFJWbzlteWdrQW9RNUkrL01YQgpha21rcU51NFpzYWxHbkRqTnVnMFVMQkNrMS9PSkdxNEVxUi8xbXBLZ2RKOU4wRktENi9qMFMzY1pTOHArRHJYCm9iVytjdXo0NU9rZWNkaW41RElLRmtYaSs2SXV0T1dWc2NZZVR1ZXY3K1I2UUhVM2NJV3MwN1NGSS9FM095ODQKdnBIWTdMdGpGQkJGQTJRQ1lWemQyYmpTOWVOb0tpbVlXWFdhanNDRGZKbGg2S29vQmNXN2QxUjUwNE5QOFhpTwozc25MMFYyS1liZFVYekZLZ2hpRmpmWCsxUDNyQWdNQkFBR2pXVEJYTUE0R0ExVWREd0VCL3dRRUF3SUNwREFQCkJnTlZIUk1CQWY4RUJUQURBUUgvTUIwR0ExVWREZ1FXQkJRT2hFNXN1ak1IQ1p4dlZwa25yekRXZnlMRzNqQVYKQmdOVkhSRUVEakFNZ2dwcmRXSmxjbTVsZEdWek1BMEdDU3FHU0liM0RRRUJDd1VBQTRJQkFRQmRicGZWT2lRcgpTTWlUQnJrc3YzdDVSWk9xaHhzdEwvakNOQkJicGNiYURpMVJRTlRyRkh2eCtaZWZBU1lmWEcyVXpUZUFNQlk2CmZ0d0ZrbUZOS21ScDRuNzQreFBPNG0zV2c4ODVvNVJ3NzJpMEVsV1dydHFSV3JxVzlVWnlaK25QNHVSbEhaOWQKTDhwZ2dOV293S1BuMEtza2xLOXpqT0tsZ21OaWg3NFZGemtGZTIzU01ibUhwOCsxbkZLTlQycnZ0TnJSWTZJNwpMVmNRangwRlpZdDc4aXExeTlUUUJ3RHVmWVpud1NNMFE4dHpXdTJNdnhzMXlEa3lzWHBqWEd3WUJFK2NqWGlXCmdLdUl2TWp5TzF5dXFWQ1Y0cEd0bFlySFhZUTduNllqNWdzQnU4NkVzd0FiaTNkSVZlbzNCTkpESzBTTTdIMXUKbXYvcVVWc2pabFdXCi0tLS0tRU5EIENFUlRJRklDQVRFLS0tLS0K"
              }
            ],
            "cluster_id": null,
            "created_at": "2024-02-06 03:47:42.969 +0000 UTC",
            "enabled_cluster_log_types": [
              "api",
              "audit",
              "authenticator"
            ],
            "encryption_config": [
              {
                "provider": [
                  {
                    "key_arn": "arn:aws:kms:ap-southeast-2:835776587202:key/b492667f-5d64-4cae-90f6-7e590348ed6c"
                  }
                ],
                "resources": [
                  "secrets"
                ]
              }
            ],
            "endpoint": "https://D443D863D3700AD02184D2E39DC9611B.gr7.ap-southeast-2.eks.amazonaws.com",
            "id": "platformwale",
            "identity": [
              {
                "oidc": [
                  {
                    "issuer": "https://oidc.eks.ap-southeast-2.amazonaws.com/id/D443D863D3700AD02184D2E39DC9611B"
                  }
                ]
              }
            ],
            "kubernetes_network_config": [
              {
                "ip_family": "ipv4",
                "service_ipv4_cidr": "172.20.0.0/16",
                "service_ipv6_cidr": ""
              }
            ],
            "name": "platformwale",
            "outpost_config": [],
            "platform_version": "eks.11",
            "role_arn": "arn:aws:iam::835776587202:role/platformwale-cluster-20240206034716410100000002",
            "status": "ACTIVE",
            "tags": {},
            "tags_all": {},
            "timeouts": {
              "create": null,
              "delete": null,
              "update": null
            },
            "version": "1.27",
            "vpc_config": [
              {
                "cluster_security_group_id": "sg-0aaa85e5693153f59",
                "endpoint_private_access": true,
                "endpoint_public_access": true,
                "public_access_cidrs": [
                  "0.0.0.0/0"
                ],
                "security_group_ids": [
                  "sg-040fe6069b4b9459f"
                ],
                "subnet_ids": [
                  "subnet-0adb0b11660bdc2fe",
                  "subnet-0eab59bca50fffcb2",
                  "subnet-0f80a31838e15d99f"
                ],
                "vpc_id": "vpc-0261abb4939096308"
              }
            ]
          },
          "sensitive_attributes": [],
          "private": "eyJlMmJmYjczMC1lY2FhLTExZTYtOGY4OC0zNDM2M2JjN2M0YzAiOnsiY3JlYXRlIjoxODAwMDAwMDAwMDAwLCJkZWxldGUiOjkwMDAwMDAwMDAwMCwidXBkYXRlIjozNjAwMDAwMDAwMDAwfX0=",
          "dependencies": [
            "module.cluster.module.eks_with_node_group.module.eks.aws_cloudwatch_log_group.this",
            "module.cluster.module.eks_with_node_group.module.eks.aws_iam_policy.cni_ipv6_policy",
            "module.cluster.module.eks_with_node_group.module.eks.aws_iam_role.this",
            "module.cluster.module.eks_with_node_group.module.eks.aws_iam_role_policy_attachment.this",
            "module.cluster.module.eks_with_node_group.module.eks.aws_security_group.cluster",
            "module.cluster.module.eks_with_node_group.module.eks.aws_security_group.node",
            "module.cluster.module.eks_with_node_group.module.eks.aws_security_group_rule.cluster",
            "module.cluster.module.eks_with_node_group.module.eks.aws_security_group_rule.node",
            "module.cluster.module.eks_with_node_group.module.eks.data.aws_caller_identity.current",
            "module.cluster.module.eks_with_node_group.module.eks.data.aws_iam_policy_document.assume_role_policy",
            "module.cluster.module.eks_with_node_group.module.eks.data.aws_iam_policy_document.cni_ipv6_policy",
            "module.cluster.module.eks_with_node_group.module.eks.data.aws_iam_session_context.current",
            "module.cluster.module.eks_with_node_group.module.eks.data.aws_partition.current",
            "module.cluster.module.eks_with_node_group.module.eks.module.kms.aws_kms_external_key.this",
            "module.cluster.module.eks_with_node_group.module.eks.module.kms.aws_kms_key.this",
            "module.cluster.module.eks_with_node_group.module.eks.module.kms.data.aws_caller_identity.current",
            "module.cluster.module.eks_with_node_group.module.eks.module.kms.data.aws_iam_policy_document.this",
            "module.cluster.module.eks_with_node_group.module.eks.module.kms.data.aws_partition.current",
            "module.cluster.module.vpc_with_subnets.data.aws_availability_zones.available",
            "module.cluster.module.vpc_with_subnets.module.vpc_and_subnets.aws_subnet.private",
            "module.cluster.module.vpc_with_subnets.module.vpc_and_subnets.aws_vpc.this",
            "module.cluster.module.vpc_with_subnets.module.vpc_and_subnets.aws_vpc_ipv4_cidr_block_association.this"
          ],
          "create_before_destroy": true
        }
      ]
    },
    {
      "module": "module.cluster.module.eks_with_node_group.module.eks",
      "mode": "managed",
      "type": "aws_iam_openid_connect_provider",
      "name": "oidc_provider",
      "provider": "provider[\"registry.terraform.io/hashicorp/aws\"]",
      "instances": [
        {
          "index_key": 0,
          "schema_version": 0,
          "attributes": {
            "arn": "arn:aws:iam::835776587202:oidc-provider/oidc.eks.ap-southeast-2.amazonaws.com/id/D443D863D3700AD02184D2E39DC9611B",
            "client_id_list": [
              "sts.amazonaws.com"
            ],
            "id": "arn:aws:iam::835776587202:oidc-provider/oidc.eks.ap-southeast-2.amazonaws.com/id/D443D863D3700AD02184D2E39DC9611B",
            "tags": {
              "Name": "platformwale-eks-irsa"
            },
            "tags_all": {
              "Name": "platformwale-eks-irsa"
            },
            "thumbprint_list": [
              "9e99a48a9960b14926bb7f3b02e22da2b0ab7280",
              "06b25927c42a721631c1efd9431e648fa62e1e39",
              "2ad974a775f73cbdbbd8f5ac3a49255fa8fb1f8c",
              "b836c8c4c0f3c3ab7ab21015c1db0a147da6d3aa"
            ],
            "url": "oidc.eks.ap-southeast-2.amazonaws.com/id/D443D863D3700AD02184D2E39DC9611B"
          },
          "sensitive_attributes": [],
          "private": "bnVsbA==",
          "dependencies": [
            "module.cluster.module.eks_with_node_group.module.eks.aws_cloudwatch_log_group.this",
            "module.cluster.module.eks_with_node_group.module.eks.aws_eks_cluster.this",
            "module.cluster.module.eks_with_node_group.module.eks.aws_iam_policy.cni_ipv6_policy",
            "module.cluster.module.eks_with_node_group.module.eks.aws_iam_role.this",
            "module.cluster.module.eks_with_node_group.module.eks.aws_iam_role_policy_attachment.this",
            "module.cluster.module.eks_with_node_group.module.eks.aws_security_group.cluster",
            "module.cluster.module.eks_with_node_group.module.eks.aws_security_group.node",
            "module.cluster.module.eks_with_node_group.module.eks.aws_security_group_rule.cluster",
            "module.cluster.module.eks_with_node_group.module.eks.aws_security_group_rule.node",
            "module.cluster.module.eks_with_node_group.module.eks.data.aws_caller_identity.current",
            "module.cluster.module.eks_with_node_group.module.eks.data.aws_iam_policy_document.assume_role_policy",
            "module.cluster.module.eks_with_node_group.module.eks.data.aws_iam_policy_document.cni_ipv6_policy",
            "module.cluster.module.eks_with_node_group.module.eks.data.aws_iam_session_context.current",
            "module.cluster.module.eks_with_node_group.module.eks.data.aws_partition.current",
            "module.cluster.module.eks_with_node_group.module.eks.data.tls_certificate.this",
            "module.cluster.module.eks_with_node_group.module.eks.module.kms.aws_kms_external_key.this",
            "module.cluster.module.eks_with_node_group.module.eks.module.kms.aws_kms_key.this",
            "module.cluster.module.eks_with_node_group.module.eks.module.kms.data.aws_caller_identity.current",
            "module.cluster.module.eks_with_node_group.module.eks.module.kms.data.aws_iam_policy_document.this",
            "module.cluster.module.eks_with_node_group.module.eks.module.kms.data.aws_partition.current",
            "module.cluster.module.vpc_with_subnets.data.aws_availability_zones.available",
            "module.cluster.module.vpc_with_subnets.module.vpc_and_subnets.aws_subnet.private",
            "module.cluster.module.vpc_with_subnets.module.vpc_and_subnets.aws_vpc.this",
            "module.cluster.module.vpc_with_subnets.module.vpc_and_subnets.aws_vpc_ipv4_cidr_block_association.this"
          ]
        }
      ]
    },
    {
      "module": "module.cluster.module.eks_with_node_group.module.eks",
      "mode": "managed",
      "type": "aws_iam_policy",
      "name": "cluster_encryption",
      "provider": "provider[\"registry.terraform.io/hashicorp/aws\"]",
      "instances": [
        {
          "index_key": 0,
          "schema_version": 0,
          "attributes": {
            "arn": "arn:aws:iam::835776587202:policy/platformwale-cluster-ClusterEncryption2024020603473988400000000d",
            "description": "Cluster encryption policy to allow cluster role to utilize CMK provided",
            "id": "arn:aws:iam::835776587202:policy/platformwale-cluster-ClusterEncryption2024020603473988400000000d",
            "name": "platformwale-cluster-ClusterEncryption2024020603473988400000000d",
            "name_prefix": "platformwale-cluster-ClusterEncryption",
            "path": "/",
            "policy": "{\"Statement\":[{\"Action\":[\"kms:Encrypt\",\"kms:Decrypt\",\"kms:ListGrants\",\"kms:DescribeKey\"],\"Effect\":\"Allow\",\"Resource\":\"arn:aws:kms:ap-southeast-2:835776587202:key/b492667f-5d64-4cae-90f6-7e590348ed6c\"}],\"Version\":\"2012-10-17\"}",
            "policy_id": "ANPA4FGBKUXBDGWGF7VSJ",
            "tags": {},
            "tags_all": {}
          },
          "sensitive_attributes": [],
          "private": "bnVsbA==",
          "dependencies": [
            "module.cluster.module.eks_with_node_group.module.eks.aws_iam_role.this",
            "module.cluster.module.eks_with_node_group.module.eks.data.aws_caller_identity.current",
            "module.cluster.module.eks_with_node_group.module.eks.data.aws_iam_policy_document.assume_role_policy",
            "module.cluster.module.eks_with_node_group.module.eks.data.aws_iam_session_context.current",
            "module.cluster.module.eks_with_node_group.module.eks.data.aws_partition.current",
            "module.cluster.module.eks_with_node_group.module.eks.module.kms.aws_kms_external_key.this",
            "module.cluster.module.eks_with_node_group.module.eks.module.kms.aws_kms_key.this",
            "module.cluster.module.eks_with_node_group.module.eks.module.kms.data.aws_caller_identity.current",
            "module.cluster.module.eks_with_node_group.module.eks.module.kms.data.aws_iam_policy_document.this",
            "module.cluster.module.eks_with_node_group.module.eks.module.kms.data.aws_partition.current"
          ]
        }
      ]
    },
    {
      "module": "module.cluster.module.eks_with_node_group.module.eks",
      "mode": "managed",
      "type": "aws_iam_role",
      "name": "this",
      "provider": "provider[\"registry.terraform.io/hashicorp/aws\"]",
      "instances": [
        {
          "index_key": 0,
          "schema_version": 0,
          "attributes": {
            "arn": "arn:aws:iam::835776587202:role/platformwale-cluster-20240206034716410100000002",
            "assume_role_policy": "{\"Statement\":[{\"Action\":\"sts:AssumeRole\",\"Effect\":\"Allow\",\"Principal\":{\"Service\":\"eks.amazonaws.com\"},\"Sid\":\"EKSClusterAssumeRole\"}],\"Version\":\"2012-10-17\"}",
            "create_date": "2024-02-06T03:47:17Z",
            "description": "",
            "force_detach_policies": true,
            "id": "platformwale-cluster-20240206034716410100000002",
            "inline_policy": [
              {
                "name": "platformwale-cluster",
                "policy": "{\"Version\":\"2012-10-17\",\"Statement\":[{\"Action\":[\"logs:CreateLogGroup\"],\"Effect\":\"Deny\",\"Resource\":\"*\"}]}"
              }
            ],
            "managed_policy_arns": [
              "arn:aws:iam::835776587202:policy/platformwale-cluster-ClusterEncryption2024020603473988400000000d",
              "arn:aws:iam::aws:policy/AmazonEKSClusterPolicy",
              "arn:aws:iam::aws:policy/AmazonEKSVPCResourceController"
            ],
            "max_session_duration": 3600,
            "name": "platformwale-cluster-20240206034716410100000002",
            "name_prefix": "platformwale-cluster-",
            "path": "/",
            "permissions_boundary": null,
            "tags": {},
            "tags_all": {},
            "unique_id": "AROA4FGBKUXBDB7KPT5SH"
          },
          "sensitive_attributes": [],
          "private": "bnVsbA==",
          "dependencies": [
            "module.cluster.module.eks_with_node_group.module.eks.data.aws_iam_policy_document.assume_role_policy",
            "module.cluster.module.eks_with_node_group.module.eks.data.aws_partition.current"
          ],
          "create_before_destroy": true
        }
      ]
    },
    {
      "module": "module.cluster.module.eks_with_node_group.module.eks",
      "mode": "managed",
      "type": "aws_iam_role_policy_attachment",
      "name": "cluster_encryption",
      "provider": "provider[\"registry.terraform.io/hashicorp/aws\"]",
      "instances": [
        {
          "index_key": 0,
          "schema_version": 0,
          "attributes": {
            "id": "platformwale-cluster-20240206034716410100000002-2024020603474110850000000e",
            "policy_arn": "arn:aws:iam::835776587202:policy/platformwale-cluster-ClusterEncryption2024020603473988400000000d",
            "role": "platformwale-cluster-20240206034716410100000002"
          },
          "sensitive_attributes": [],
          "private": "bnVsbA==",
          "dependencies": [
            "module.cluster.module.eks_with_node_group.module.eks.aws_iam_policy.cluster_encryption",
            "module.cluster.module.eks_with_node_group.module.eks.aws_iam_role.this",
            "module.cluster.module.eks_with_node_group.module.eks.data.aws_caller_identity.current",
            "module.cluster.module.eks_with_node_group.module.eks.data.aws_iam_policy_document.assume_role_policy",
            "module.cluster.module.eks_with_node_group.module.eks.data.aws_iam_session_context.current",
            "module.cluster.module.eks_with_node_group.module.eks.data.aws_partition.current",
            "module.cluster.module.eks_with_node_group.module.eks.module.kms.aws_kms_external_key.this",
            "module.cluster.module.eks_with_node_group.module.eks.module.kms.aws_kms_key.this",
            "module.cluster.module.eks_with_node_group.module.eks.module.kms.data.aws_caller_identity.current",
            "module.cluster.module.eks_with_node_group.module.eks.module.kms.data.aws_iam_policy_document.this",
            "module.cluster.module.eks_with_node_group.module.eks.module.kms.data.aws_partition.current"
          ]
        }
      ]
    },
    {
      "module": "module.cluster.module.eks_with_node_group.module.eks",
      "mode": "managed",
      "type": "aws_iam_role_policy_attachment",
      "name": "this",
      "provider": "provider[\"registry.terraform.io/hashicorp/aws\"]",
      "instances": [
        {
          "index_key": "AmazonEKSClusterPolicy",
          "schema_version": 0,
          "attributes": {
            "id": "platformwale-cluster-20240206034716410100000002-20240206034720039700000006",
            "policy_arn": "arn:aws:iam::aws:policy/AmazonEKSClusterPolicy",
            "role": "platformwale-cluster-20240206034716410100000002"
          },
          "sensitive_attributes": [],
          "private": "bnVsbA==",
          "dependencies": [
            "module.cluster.module.eks_with_node_group.module.eks.aws_iam_role.this",
            "module.cluster.module.eks_with_node_group.module.eks.data.aws_iam_policy_document.assume_role_policy",
            "module.cluster.module.eks_with_node_group.module.eks.data.aws_partition.current"
          ],
          "create_before_destroy": true
        },
        {
          "index_key": "AmazonEKSVPCResourceController",
          "schema_version": 0,
          "attributes": {
            "id": "platformwale-cluster-20240206034716410100000002-20240206034720039800000007",
            "policy_arn": "arn:aws:iam::aws:policy/AmazonEKSVPCResourceController",
            "role": "platformwale-cluster-20240206034716410100000002"
          },
          "sensitive_attributes": [],
          "private": "bnVsbA==",
          "dependencies": [
            "module.cluster.module.eks_with_node_group.module.eks.aws_iam_role.this",
            "module.cluster.module.eks_with_node_group.module.eks.data.aws_iam_policy_document.assume_role_policy",
            "module.cluster.module.eks_with_node_group.module.eks.data.aws_partition.current"
          ],
          "create_before_destroy": true
        }
      ]
    },
    {
      "module": "module.cluster.module.eks_with_node_group.module.eks",
      "mode": "managed",
      "type": "aws_security_group",
      "name": "cluster",
      "provider": "provider[\"registry.terraform.io/hashicorp/aws\"]",
      "instances": [
        {
          "index_key": 0,
          "schema_version": 1,
          "attributes": {
            "arn": "arn:aws:ec2:ap-southeast-2:835776587202:security-group/sg-040fe6069b4b9459f",
            "description": "EKS cluster security group",
            "egress": [],
            "id": "sg-040fe6069b4b9459f",
            "ingress": [
              {
                "cidr_blocks": [],
                "description": "Node groups to cluster API",
                "from_port": 443,
                "ipv6_cidr_blocks": [],
                "prefix_list_ids": [],
                "protocol": "tcp",
                "security_groups": [
                  "sg-0d3164385ec7b845f"
                ],
                "self": false,
                "to_port": 443
              }
            ],
            "name": "platformwale-cluster-20240206034731788100000009",
            "name_prefix": "platformwale-cluster-",
            "owner_id": "835776587202",
            "revoke_rules_on_delete": false,
            "tags": {
              "Name": "platformwale-cluster"
            },
            "tags_all": {
              "Name": "platformwale-cluster"
            },
            "timeouts": null,
            "vpc_id": "vpc-0261abb4939096308"
          },
          "sensitive_attributes": [],
          "private": "eyJlMmJmYjczMC1lY2FhLTExZTYtOGY4OC0zNDM2M2JjN2M0YzAiOnsiY3JlYXRlIjo2MDAwMDAwMDAwMDAsImRlbGV0ZSI6OTAwMDAwMDAwMDAwfSwic2NoZW1hX3ZlcnNpb24iOiIxIn0=",
          "dependencies": [
            "module.cluster.module.vpc_with_subnets.module.vpc_and_subnets.aws_vpc.this"
          ],
          "create_before_destroy": true
        }
      ]
    },
    {
      "module": "module.cluster.module.eks_with_node_group.module.eks",
      "mode": "managed",
      "type": "aws_security_group",
      "name": "node",
      "provider": "provider[\"registry.terraform.io/hashicorp/aws\"]",
      "instances": [
        {
          "index_key": 0,
          "schema_version": 1,
          "attributes": {
            "arn": "arn:aws:ec2:ap-southeast-2:835776587202:security-group/sg-0d3164385ec7b845f",
            "description": "EKS node shared security group",
            "egress": [
              {
                "cidr_blocks": [
                  "0.0.0.0/0"
                ],
                "description": "Allow all egress",
                "from_port": 0,
                "ipv6_cidr_blocks": [],
                "prefix_list_ids": [],
                "protocol": "-1",
                "security_groups": [],
                "self": false,
                "to_port": 0
              }
            ],
            "id": "sg-0d3164385ec7b845f",
            "ingress": [
              {
                "cidr_blocks": [],
                "description": "Cluster API to node 4443/tcp webhook",
                "from_port": 4443,
                "ipv6_cidr_blocks": [],
                "prefix_list_ids": [],
                "protocol": "tcp",
                "security_groups": [
                  "sg-040fe6069b4b9459f"
                ],
                "self": false,
                "to_port": 4443
              },
              {
                "cidr_blocks": [],
                "description": "Cluster API to node 6443/tcp webhook",
                "from_port": 6443,
                "ipv6_cidr_blocks": [],
                "prefix_list_ids": [],
                "protocol": "tcp",
                "security_groups": [
                  "sg-040fe6069b4b9459f"
                ],
                "self": false,
                "to_port": 6443
              },
              {
                "cidr_blocks": [],
                "description": "Cluster API to node 8443/tcp webhook",
                "from_port": 8443,
                "ipv6_cidr_blocks": [],
                "prefix_list_ids": [],
                "protocol": "tcp",
                "security_groups": [
                  "sg-040fe6069b4b9459f"
                ],
                "self": false,
                "to_port": 8443
              },
              {
                "cidr_blocks": [],
                "description": "Cluster API to node 9443/tcp webhook",
                "from_port": 9443,
                "ipv6_cidr_blocks": [],
                "prefix_list_ids": [],
                "protocol": "tcp",
                "security_groups": [
                  "sg-040fe6069b4b9459f"
                ],
                "self": false,
                "to_port": 9443
              },
              {
                "cidr_blocks": [],
                "description": "Cluster API to node groups",
                "from_port": 443,
                "ipv6_cidr_blocks": [],
                "prefix_list_ids": [],
                "protocol": "tcp",
                "security_groups": [
                  "sg-040fe6069b4b9459f"
                ],
                "self": false,
                "to_port": 443
              },
              {
                "cidr_blocks": [],
                "description": "Cluster API to node kubelets",
                "from_port": 10250,
                "ipv6_cidr_blocks": [],
                "prefix_list_ids": [],
                "protocol": "tcp",
                "security_groups": [
                  "sg-040fe6069b4b9459f"
                ],
                "self": false,
                "to_port": 10250
              },
              {
                "cidr_blocks": [],
                "description": "Node to node CoreDNS UDP",
                "from_port": 53,
                "ipv6_cidr_blocks": [],
                "prefix_list_ids": [],
                "protocol": "udp",
                "security_groups": [],
                "self": true,
                "to_port": 53
              },
              {
                "cidr_blocks": [],
                "description": "Node to node CoreDNS",
                "from_port": 53,
                "ipv6_cidr_blocks": [],
                "prefix_list_ids": [],
                "protocol": "tcp",
                "security_groups": [],
                "self": true,
                "to_port": 53
              },
              {
                "cidr_blocks": [],
                "description": "Node to node ingress on ephemeral ports",
                "from_port": 1025,
                "ipv6_cidr_blocks": [],
                "prefix_list_ids": [],
                "protocol": "tcp",
                "security_groups": [],
                "self": true,
                "to_port": 65535
              }
            ],
            "name": "platformwale-node-20240206034731779400000008",
            "name_prefix": "platformwale-node-",
            "owner_id": "835776587202",
            "revoke_rules_on_delete": false,
            "tags": {
              "Name": "platformwale-node",
              "kubernetes.io/cluster/platformwale": "owned"
            },
            "tags_all": {
              "Name": "platformwale-node",
              "kubernetes.io/cluster/platformwale": "owned"
            },
            "timeouts": null,
            "vpc_id": "vpc-0261abb4939096308"
          },
          "sensitive_attributes": [],
          "private": "eyJlMmJmYjczMC1lY2FhLTExZTYtOGY4OC0zNDM2M2JjN2M0YzAiOnsiY3JlYXRlIjo2MDAwMDAwMDAwMDAsImRlbGV0ZSI6OTAwMDAwMDAwMDAwfSwic2NoZW1hX3ZlcnNpb24iOiIxIn0=",
          "dependencies": [
            "module.cluster.module.vpc_with_subnets.module.vpc_and_subnets.aws_vpc.this"
          ],
          "create_before_destroy": true
        }
      ]
    },
    {
      "module": "module.cluster.module.eks_with_node_group.module.eks",
      "mode": "managed",
      "type": "aws_security_group_rule",
      "name": "cluster",
      "provider": "provider[\"registry.terraform.io/hashicorp/aws\"]",
      "instances": [
        {
          "index_key": "ingress_nodes_443",
          "schema_version": 2,
          "attributes": {
            "cidr_blocks": null,
            "description": "Node groups to cluster API",
            "from_port": 443,
            "id": "sgrule-4037050404",
            "ipv6_cidr_blocks": null,
            "prefix_list_ids": null,
            "protocol": "tcp",
            "security_group_id": "sg-040fe6069b4b9459f",
            "security_group_rule_id": "sgr-09c7710484c1235c2",
            "self": false,
            "source_security_group_id": "sg-0d3164385ec7b845f",
            "timeouts": null,
            "to_port": 443,
            "type": "ingress"
          },
          "sensitive_attributes": [],
          "private": "eyJlMmJmYjczMC1lY2FhLTExZTYtOGY4OC0zNDM2M2JjN2M0YzAiOnsiY3JlYXRlIjozMDAwMDAwMDAwMDB9LCJzY2hlbWFfdmVyc2lvbiI6IjIifQ==",
          "dependencies": [
            "module.cluster.module.eks_with_node_group.module.eks.aws_security_group.cluster",
            "module.cluster.module.eks_with_node_group.module.eks.aws_security_group.node",
            "module.cluster.module.vpc_with_subnets.module.vpc_and_subnets.aws_vpc.this"
          ],
          "create_before_destroy": true
        }
      ]
    },
    {
      "module": "module.cluster.module.eks_with_node_group.module.eks",
      "mode": "managed",
      "type": "aws_security_group_rule",
      "name": "node",
      "provider": "provider[\"registry.terraform.io/hashicorp/aws\"]",
      "instances": [
        {
          "index_key": "egress_all",
          "schema_version": 2,
          "attributes": {
            "cidr_blocks": [
              "0.0.0.0/0"
            ],
            "description": "Allow all egress",
            "from_port": 0,
            "id": "sgrule-1035067243",
            "ipv6_cidr_blocks": null,
            "prefix_list_ids": [],
            "protocol": "-1",
            "security_group_id": "sg-0d3164385ec7b845f",
            "security_group_rule_id": "sgr-06d9d4def22224f05",
            "self": false,
            "source_security_group_id": null,
            "timeouts": null,
            "to_port": 0,
            "type": "egress"
          },
          "sensitive_attributes": [],
          "private": "eyJlMmJmYjczMC1lY2FhLTExZTYtOGY4OC0zNDM2M2JjN2M0YzAiOnsiY3JlYXRlIjozMDAwMDAwMDAwMDB9LCJzY2hlbWFfdmVyc2lvbiI6IjIifQ==",
          "dependencies": [
            "module.cluster.module.eks_with_node_group.module.eks.aws_security_group.cluster",
            "module.cluster.module.eks_with_node_group.module.eks.aws_security_group.node",
            "module.cluster.module.vpc_with_subnets.module.vpc_and_subnets.aws_vpc.this"
          ],
          "create_before_destroy": true
        },
        {
          "index_key": "ingress_cluster_443",
          "schema_version": 2,
          "attributes": {
            "cidr_blocks": null,
            "description": "Cluster API to node groups",
            "from_port": 443,
            "id": "sgrule-4130692076",
            "ipv6_cidr_blocks": null,
            "prefix_list_ids": [],
            "protocol": "tcp",
            "security_group_id": "sg-0d3164385ec7b845f",
            "security_group_rule_id": "sgr-08037cae43d88da9a",
            "self": false,
            "source_security_group_id": "sg-040fe6069b4b9459f",
            "timeouts": null,
            "to_port": 443,
            "type": "ingress"
          },
          "sensitive_attributes": [],
          "private": "eyJlMmJmYjczMC1lY2FhLTExZTYtOGY4OC0zNDM2M2JjN2M0YzAiOnsiY3JlYXRlIjozMDAwMDAwMDAwMDB9LCJzY2hlbWFfdmVyc2lvbiI6IjIifQ==",
          "dependencies": [
            "module.cluster.module.eks_with_node_group.module.eks.aws_security_group.cluster",
            "module.cluster.module.eks_with_node_group.module.eks.aws_security_group.node",
            "module.cluster.module.vpc_with_subnets.module.vpc_and_subnets.aws_vpc.this"
          ],
          "create_before_destroy": true
        },
        {
          "index_key": "ingress_cluster_4443_webhook",
          "schema_version": 2,
          "attributes": {
            "cidr_blocks": null,
            "description": "Cluster API to node 4443/tcp webhook",
            "from_port": 4443,
            "id": "sgrule-1871764171",
            "ipv6_cidr_blocks": null,
            "prefix_list_ids": [],
            "protocol": "tcp",
            "security_group_id": "sg-0d3164385ec7b845f",
            "security_group_rule_id": "sgr-0efbf523f33f8017a",
            "self": false,
            "source_security_group_id": "sg-040fe6069b4b9459f",
            "timeouts": null,
            "to_port": 4443,
            "type": "ingress"
          },
          "sensitive_attributes": [],
          "private": "eyJlMmJmYjczMC1lY2FhLTExZTYtOGY4OC0zNDM2M2JjN2M0YzAiOnsiY3JlYXRlIjozMDAwMDAwMDAwMDB9LCJzY2hlbWFfdmVyc2lvbiI6IjIifQ==",
          "dependencies": [
            "module.cluster.module.eks_with_node_group.module.eks.aws_security_group.cluster",
            "module.cluster.module.eks_with_node_group.module.eks.aws_security_group.node",
            "module.cluster.module.vpc_with_subnets.module.vpc_and_subnets.aws_vpc.this"
          ],
          "create_before_destroy": true
        },
        {
          "index_key": "ingress_cluster_6443_webhook",
          "schema_version": 2,
          "attributes": {
            "cidr_blocks": null,
            "description": "Cluster API to node 6443/tcp webhook",
            "from_port": 6443,
            "id": "sgrule-2798828893",
            "ipv6_cidr_blocks": null,
            "prefix_list_ids": [],
            "protocol": "tcp",
            "security_group_id": "sg-0d3164385ec7b845f",
            "security_group_rule_id": "sgr-061cd3240e5a1be87",
            "self": false,
            "source_security_group_id": "sg-040fe6069b4b9459f",
            "timeouts": null,
            "to_port": 6443,
            "type": "ingress"
          },
          "sensitive_attributes": [],
          "private": "eyJlMmJmYjczMC1lY2FhLTExZTYtOGY4OC0zNDM2M2JjN2M0YzAiOnsiY3JlYXRlIjozMDAwMDAwMDAwMDB9LCJzY2hlbWFfdmVyc2lvbiI6IjIifQ==",
          "dependencies": [
            "module.cluster.module.eks_with_node_group.module.eks.aws_security_group.cluster",
            "module.cluster.module.eks_with_node_group.module.eks.aws_security_group.node",
            "module.cluster.module.vpc_with_subnets.module.vpc_and_subnets.aws_vpc.this"
          ],
          "create_before_destroy": true
        },
        {
          "index_key": "ingress_cluster_8443_webhook",
          "schema_version": 2,
          "attributes": {
            "cidr_blocks": null,
            "description": "Cluster API to node 8443/tcp webhook",
            "from_port": 8443,
            "id": "sgrule-3046015356",
            "ipv6_cidr_blocks": null,
            "prefix_list_ids": [],
            "protocol": "tcp",
            "security_group_id": "sg-0d3164385ec7b845f",
            "security_group_rule_id": "sgr-0c545467b2d54d50d",
            "self": false,
            "source_security_group_id": "sg-040fe6069b4b9459f",
            "timeouts": null,
            "to_port": 8443,
            "type": "ingress"
          },
          "sensitive_attributes": [],
          "private": "eyJlMmJmYjczMC1lY2FhLTExZTYtOGY4OC0zNDM2M2JjN2M0YzAiOnsiY3JlYXRlIjozMDAwMDAwMDAwMDB9LCJzY2hlbWFfdmVyc2lvbiI6IjIifQ==",
          "dependencies": [
            "module.cluster.module.eks_with_node_group.module.eks.aws_security_group.cluster",
            "module.cluster.module.eks_with_node_group.module.eks.aws_security_group.node",
            "module.cluster.module.vpc_with_subnets.module.vpc_and_subnets.aws_vpc.this"
          ],
          "create_before_destroy": true
        },
        {
          "index_key": "ingress_cluster_9443_webhook",
          "schema_version": 2,
          "attributes": {
            "cidr_blocks": null,
            "description": "Cluster API to node 9443/tcp webhook",
            "from_port": 9443,
            "id": "sgrule-3509564087",
            "ipv6_cidr_blocks": null,
            "prefix_list_ids": [],
            "protocol": "tcp",
            "security_group_id": "sg-0d3164385ec7b845f",
            "security_group_rule_id": "sgr-04707a902bde79ae3",
            "self": false,
            "source_security_group_id": "sg-040fe6069b4b9459f",
            "timeouts": null,
            "to_port": 9443,
            "type": "ingress"
          },
          "sensitive_attributes": [],
          "private": "eyJlMmJmYjczMC1lY2FhLTExZTYtOGY4OC0zNDM2M2JjN2M0YzAiOnsiY3JlYXRlIjozMDAwMDAwMDAwMDB9LCJzY2hlbWFfdmVyc2lvbiI6IjIifQ==",
          "dependencies": [
            "module.cluster.module.eks_with_node_group.module.eks.aws_security_group.cluster",
            "module.cluster.module.eks_with_node_group.module.eks.aws_security_group.node",
            "module.cluster.module.vpc_with_subnets.module.vpc_and_subnets.aws_vpc.this"
          ],
          "create_before_destroy": true
        },
        {
          "index_key": "ingress_cluster_kubelet",
          "schema_version": 2,
          "attributes": {
            "cidr_blocks": null,
            "description": "Cluster API to node kubelets",
            "from_port": 10250,
            "id": "sgrule-2492241203",
            "ipv6_cidr_blocks": null,
            "prefix_list_ids": [],
            "protocol": "tcp",
            "security_group_id": "sg-0d3164385ec7b845f",
            "security_group_rule_id": "sgr-0217c4d8f90f28fde",
            "self": false,
            "source_security_group_id": "sg-040fe6069b4b9459f",
            "timeouts": null,
            "to_port": 10250,
            "type": "ingress"
          },
          "sensitive_attributes": [],
          "private": "eyJlMmJmYjczMC1lY2FhLTExZTYtOGY4OC0zNDM2M2JjN2M0YzAiOnsiY3JlYXRlIjozMDAwMDAwMDAwMDB9LCJzY2hlbWFfdmVyc2lvbiI6IjIifQ==",
          "dependencies": [
            "module.cluster.module.eks_with_node_group.module.eks.aws_security_group.cluster",
            "module.cluster.module.eks_with_node_group.module.eks.aws_security_group.node",
            "module.cluster.module.vpc_with_subnets.module.vpc_and_subnets.aws_vpc.this"
          ],
          "create_before_destroy": true
        },
        {
          "index_key": "ingress_nodes_ephemeral",
          "schema_version": 2,
          "attributes": {
            "cidr_blocks": null,
            "description": "Node to node ingress on ephemeral ports",
            "from_port": 1025,
            "id": "sgrule-2186833230",
            "ipv6_cidr_blocks": null,
            "prefix_list_ids": [],
            "protocol": "tcp",
            "security_group_id": "sg-0d3164385ec7b845f",
            "security_group_rule_id": "sgr-0ec7d5ecde3a1ab1c",
            "self": true,
            "source_security_group_id": null,
            "timeouts": null,
            "to_port": 65535,
            "type": "ingress"
          },
          "sensitive_attributes": [],
          "private": "eyJlMmJmYjczMC1lY2FhLTExZTYtOGY4OC0zNDM2M2JjN2M0YzAiOnsiY3JlYXRlIjozMDAwMDAwMDAwMDB9LCJzY2hlbWFfdmVyc2lvbiI6IjIifQ==",
          "dependencies": [
            "module.cluster.module.eks_with_node_group.module.eks.aws_security_group.cluster",
            "module.cluster.module.eks_with_node_group.module.eks.aws_security_group.node",
            "module.cluster.module.vpc_with_subnets.module.vpc_and_subnets.aws_vpc.this"
          ],
          "create_before_destroy": true
        },
        {
          "index_key": "ingress_self_coredns_tcp",
          "schema_version": 2,
          "attributes": {
            "cidr_blocks": null,
            "description": "Node to node CoreDNS",
            "from_port": 53,
            "id": "sgrule-436111178",
            "ipv6_cidr_blocks": null,
            "prefix_list_ids": [],
            "protocol": "tcp",
            "security_group_id": "sg-0d3164385ec7b845f",
            "security_group_rule_id": "sgr-0b1a6ab590a3b6cec",
            "self": true,
            "source_security_group_id": null,
            "timeouts": null,
            "to_port": 53,
            "type": "ingress"
          },
          "sensitive_attributes": [],
          "private": "eyJlMmJmYjczMC1lY2FhLTExZTYtOGY4OC0zNDM2M2JjN2M0YzAiOnsiY3JlYXRlIjozMDAwMDAwMDAwMDB9LCJzY2hlbWFfdmVyc2lvbiI6IjIifQ==",
          "dependencies": [
            "module.cluster.module.eks_with_node_group.module.eks.aws_security_group.cluster",
            "module.cluster.module.eks_with_node_group.module.eks.aws_security_group.node",
            "module.cluster.module.vpc_with_subnets.module.vpc_and_subnets.aws_vpc.this"
          ],
          "create_before_destroy": true
        },
        {
          "index_key": "ingress_self_coredns_udp",
          "schema_version": 2,
          "attributes": {
            "cidr_blocks": null,
            "description": "Node to node CoreDNS UDP",
            "from_port": 53,
            "id": "sgrule-3181454501",
            "ipv6_cidr_blocks": null,
            "prefix_list_ids": [],
            "protocol": "udp",
            "security_group_id": "sg-0d3164385ec7b845f",
            "security_group_rule_id": "sgr-0d81d83754456a262",
            "self": true,
            "source_security_group_id": null,
            "timeouts": null,
            "to_port": 53,
            "type": "ingress"
          },
          "sensitive_attributes": [],
          "private": "eyJlMmJmYjczMC1lY2FhLTExZTYtOGY4OC0zNDM2M2JjN2M0YzAiOnsiY3JlYXRlIjozMDAwMDAwMDAwMDB9LCJzY2hlbWFfdmVyc2lvbiI6IjIifQ==",
          "dependencies": [
            "module.cluster.module.eks_with_node_group.module.eks.aws_security_group.cluster",
            "module.cluster.module.eks_with_node_group.module.eks.aws_security_group.node",
            "module.cluster.module.vpc_with_subnets.module.vpc_and_subnets.aws_vpc.this"
          ],
          "create_before_destroy": true
        }
      ]
    },
    {
      "module": "module.cluster.module.eks_with_node_group.module.eks",
      "mode": "managed",
      "type": "time_sleep",
      "name": "this",
      "provider": "provider[\"registry.terraform.io/hashicorp/time\"]",
      "instances": [
        {
          "index_key": 0,
          "schema_version": 0,
          "attributes": {
            "create_duration": "30s",
            "destroy_duration": null,
            "id": "2024-02-06T03:55:50Z",
            "triggers": {
              "cluster_certificate_authority_data": "LS0tLS1CRUdJTiBDRVJUSUZJQ0FURS0tLS0tCk1JSURCVENDQWUyZ0F3SUJBZ0lJQ1VLaFN5S0Q5NjB3RFFZSktvWklodmNOQVFFTEJRQXdGVEVUTUJFR0ExVUUKQXhNS2EzVmlaWEp1WlhSbGN6QWVGdzB5TkRBeU1EWXdNelEyTkRaYUZ3MHpOREF5TURNd016VXhORFphTUJVeApFekFSQmdOVkJBTVRDbXQxWW1WeWJtVjBaWE13Z2dFaU1BMEdDU3FHU0liM0RRRUJBUVVBQTRJQkR3QXdnZ0VLCkFvSUJBUURtWHpXL2JXRjhRR2JDbzVtaXRQMSs0cGNZc2xTd1BqbkxPVG01TUlieCtmTEhIWnFhOGtaWlhUaHkKdUFUNitWQnE1R1BkNzRaanBxTmZ4M3ViKzg2YTNzalFZanhwTUZXRk95MHdPaFJWbzlteWdrQW9RNUkrL01YQgpha21rcU51NFpzYWxHbkRqTnVnMFVMQkNrMS9PSkdxNEVxUi8xbXBLZ2RKOU4wRktENi9qMFMzY1pTOHArRHJYCm9iVytjdXo0NU9rZWNkaW41RElLRmtYaSs2SXV0T1dWc2NZZVR1ZXY3K1I2UUhVM2NJV3MwN1NGSS9FM095ODQKdnBIWTdMdGpGQkJGQTJRQ1lWemQyYmpTOWVOb0tpbVlXWFdhanNDRGZKbGg2S29vQmNXN2QxUjUwNE5QOFhpTwozc25MMFYyS1liZFVYekZLZ2hpRmpmWCsxUDNyQWdNQkFBR2pXVEJYTUE0R0ExVWREd0VCL3dRRUF3SUNwREFQCkJnTlZIUk1CQWY4RUJUQURBUUgvTUIwR0ExVWREZ1FXQkJRT2hFNXN1ak1IQ1p4dlZwa25yekRXZnlMRzNqQVYKQmdOVkhSRUVEakFNZ2dwcmRXSmxjbTVsZEdWek1BMEdDU3FHU0liM0RRRUJDd1VBQTRJQkFRQmRicGZWT2lRcgpTTWlUQnJrc3YzdDVSWk9xaHhzdEwvakNOQkJicGNiYURpMVJRTlRyRkh2eCtaZWZBU1lmWEcyVXpUZUFNQlk2CmZ0d0ZrbUZOS21ScDRuNzQreFBPNG0zV2c4ODVvNVJ3NzJpMEVsV1dydHFSV3JxVzlVWnlaK25QNHVSbEhaOWQKTDhwZ2dOV293S1BuMEtza2xLOXpqT0tsZ21OaWg3NFZGemtGZTIzU01ibUhwOCsxbkZLTlQycnZ0TnJSWTZJNwpMVmNRangwRlpZdDc4aXExeTlUUUJ3RHVmWVpud1NNMFE4dHpXdTJNdnhzMXlEa3lzWHBqWEd3WUJFK2NqWGlXCmdLdUl2TWp5TzF5dXFWQ1Y0cEd0bFlySFhZUTduNllqNWdzQnU4NkVzd0FiaTNkSVZlbzNCTkpESzBTTTdIMXUKbXYvcVVWc2pabFdXCi0tLS0tRU5EIENFUlRJRklDQVRFLS0tLS0K",
              "cluster_endpoint": "https://D443D863D3700AD02184D2E39DC9611B.gr7.ap-southeast-2.eks.amazonaws.com",
              "cluster_name": "platformwale",
              "cluster_version": "1.27"
            }
          },
          "sensitive_attributes": [],
          "dependencies": [
            "module.cluster.module.eks_with_node_group.module.eks.aws_cloudwatch_log_group.this",
            "module.cluster.module.eks_with_node_group.module.eks.aws_eks_cluster.this",
            "module.cluster.module.eks_with_node_group.module.eks.aws_iam_policy.cni_ipv6_policy",
            "module.cluster.module.eks_with_node_group.module.eks.aws_iam_role.this",
            "module.cluster.module.eks_with_node_group.module.eks.aws_iam_role_policy_attachment.this",
            "module.cluster.module.eks_with_node_group.module.eks.aws_security_group.cluster",
            "module.cluster.module.eks_with_node_group.module.eks.aws_security_group.node",
            "module.cluster.module.eks_with_node_group.module.eks.aws_security_group_rule.cluster",
            "module.cluster.module.eks_with_node_group.module.eks.aws_security_group_rule.node",
            "module.cluster.module.eks_with_node_group.module.eks.data.aws_caller_identity.current",
            "module.cluster.module.eks_with_node_group.module.eks.data.aws_iam_policy_document.assume_role_policy",
            "module.cluster.module.eks_with_node_group.module.eks.data.aws_iam_policy_document.cni_ipv6_policy",
            "module.cluster.module.eks_with_node_group.module.eks.data.aws_iam_session_context.current",
            "module.cluster.module.eks_with_node_group.module.eks.data.aws_partition.current",
            "module.cluster.module.eks_with_node_group.module.eks.module.kms.aws_kms_external_key.this",
            "module.cluster.module.eks_with_node_group.module.eks.module.kms.aws_kms_key.this",
            "module.cluster.module.eks_with_node_group.module.eks.module.kms.data.aws_caller_identity.current",
            "module.cluster.module.eks_with_node_group.module.eks.module.kms.data.aws_iam_policy_document.this",
            "module.cluster.module.eks_with_node_group.module.eks.module.kms.data.aws_partition.current",
            "module.cluster.module.vpc_with_subnets.data.aws_availability_zones.available",
            "module.cluster.module.vpc_with_subnets.module.vpc_and_subnets.aws_subnet.private",
            "module.cluster.module.vpc_with_subnets.module.vpc_and_subnets.aws_vpc.this",
            "module.cluster.module.vpc_with_subnets.module.vpc_and_subnets.aws_vpc_ipv4_cidr_block_association.this"
          ],
          "create_before_destroy": true
        }
      ]
    },
    {
      "module": "module.cluster.module.eks_with_node_group.module.eks.module.eks_managed_node_group[\"worker\"]",
      "mode": "data",
      "type": "aws_caller_identity",
      "name": "current",
      "provider": "provider[\"registry.terraform.io/hashicorp/aws\"]",
      "instances": [
        {
          "schema_version": 0,
          "attributes": {
            "account_id": "835776587202",
            "arn": "arn:aws:iam::835776587202:root",
            "id": "835776587202",
            "user_id": "835776587202"
          },
          "sensitive_attributes": []
        }
      ]
    },
    {
      "module": "module.cluster.module.eks_with_node_group.module.eks.module.eks_managed_node_group[\"worker\"]",
      "mode": "data",
      "type": "aws_iam_policy_document",
      "name": "assume_role_policy",
      "provider": "provider[\"registry.terraform.io/hashicorp/aws\"]",
      "instances": [
        {
          "index_key": 0,
          "schema_version": 0,
          "attributes": {
            "id": "2560088296",
            "json": "{\n  \"Version\": \"2012-10-17\",\n  \"Statement\": [\n    {\n      \"Sid\": \"EKSNodeAssumeRole\",\n      \"Effect\": \"Allow\",\n      \"Action\": \"sts:AssumeRole\",\n      \"Principal\": {\n        \"Service\": \"ec2.amazonaws.com\"\n      }\n    }\n  ]\n}",
            "override_policy_documents": null,
            "policy_id": null,
            "source_policy_documents": null,
            "statement": [
              {
                "actions": [
                  "sts:AssumeRole"
                ],
                "condition": [],
                "effect": "Allow",
                "not_actions": [],
                "not_principals": [],
                "not_resources": [],
                "principals": [
                  {
                    "identifiers": [
                      "ec2.amazonaws.com"
                    ],
                    "type": "Service"
                  }
                ],
                "resources": [],
                "sid": "EKSNodeAssumeRole"
              }
            ],
            "version": "2012-10-17"
          },
          "sensitive_attributes": []
        }
      ]
    },
    {
      "module": "module.cluster.module.eks_with_node_group.module.eks.module.eks_managed_node_group[\"worker\"]",
      "mode": "data",
      "type": "aws_partition",
      "name": "current",
      "provider": "provider[\"registry.terraform.io/hashicorp/aws\"]",
      "instances": [
        {
          "schema_version": 0,
          "attributes": {
            "dns_suffix": "amazonaws.com",
            "id": "aws",
            "partition": "aws",
            "reverse_dns_prefix": "com.amazonaws"
          },
          "sensitive_attributes": []
        }
      ]
    },
    {
      "module": "module.cluster.module.eks_with_node_group.module.eks.module.eks_managed_node_group[\"worker\"]",
      "mode": "managed",
      "type": "aws_eks_node_group",
      "name": "this",
      "provider": "provider[\"registry.terraform.io/hashicorp/aws\"]",
      "instances": [
        {
          "index_key": 0,
          "schema_version": 0,
          "attributes": {
            "ami_type": "AL2_x86_64",
            "arn": "arn:aws:eks:ap-southeast-2:835776587202:nodegroup/platformwale/worker-20240206040038704500000001/d2c6be49-9b39-1008-3004-b0e6740dcd42",
            "capacity_type": "SPOT",
            "cluster_name": "platformwale",
            "disk_size": 0,
            "force_update_version": null,
            "id": "platformwale:worker-20240206040038704500000001",
            "instance_types": [
              "t3.large"
            ],
            "labels": null,
            "launch_template": [
              {
                "id": "lt-04e5bbe07bb2a5f79",
                "name": "worker-2024020603555069250000000f",
                "version": "1"
              }
            ],
            "node_group_name": "worker-20240206040038704500000001",
            "node_group_name_prefix": "worker-",
            "node_role_arn": "arn:aws:iam::835776587202:role/worker-eks-node-group-20240206034716409500000001",
            "release_version": "1.27.9-20240202",
            "remote_access": [],
            "resources": [
              {
                "autoscaling_groups": [
                  {
                    "name": "eks-worker-20240206040038704500000001-d2c6be49-9b39-1008-3004-b0e6740dcd42"
                  }
                ],
                "remote_access_security_group_id": ""
              }
            ],
            "scaling_config": [
              {
                "desired_size": 2,
                "max_size": 3,
                "min_size": 1
              }
            ],
            "status": "ACTIVE",
            "subnet_ids": [
              "subnet-0adb0b11660bdc2fe",
              "subnet-0eab59bca50fffcb2",
              "subnet-0f80a31838e15d99f"
            ],
            "tags": {
              "Name": "worker"
            },
            "tags_all": {
              "Name": "worker"
            },
            "taint": [],
            "timeouts": {
              "create": null,
              "delete": null,
              "update": null
            },
            "update_config": [
              {
                "max_unavailable": 0,
                "max_unavailable_percentage": 33
              }
            ],
            "version": "1.27"
          },
          "sensitive_attributes": [],
          "private": "eyJlMmJmYjczMC1lY2FhLTExZTYtOGY4OC0zNDM2M2JjN2M0YzAiOnsiY3JlYXRlIjozNjAwMDAwMDAwMDAwLCJkZWxldGUiOjM2MDAwMDAwMDAwMDAsInVwZGF0ZSI6MzYwMDAwMDAwMDAwMH19",
          "dependencies": [
            "module.cluster.module.eks_with_node_group.module.eks.aws_cloudwatch_log_group.this",
            "module.cluster.module.eks_with_node_group.module.eks.aws_eks_cluster.this",
            "module.cluster.module.eks_with_node_group.module.eks.aws_iam_policy.cni_ipv6_policy",
            "module.cluster.module.eks_with_node_group.module.eks.aws_iam_role.this",
            "module.cluster.module.eks_with_node_group.module.eks.aws_iam_role_policy_attachment.this",
            "module.cluster.module.eks_with_node_group.module.eks.aws_security_group.cluster",
            "module.cluster.module.eks_with_node_group.module.eks.aws_security_group.node",
            "module.cluster.module.eks_with_node_group.module.eks.aws_security_group_rule.cluster",
            "module.cluster.module.eks_with_node_group.module.eks.aws_security_group_rule.node",
            "module.cluster.module.eks_with_node_group.module.eks.data.aws_caller_identity.current",
            "module.cluster.module.eks_with_node_group.module.eks.data.aws_iam_policy_document.assume_role_policy",
            "module.cluster.module.eks_with_node_group.module.eks.data.aws_iam_policy_document.cni_ipv6_policy",
            "module.cluster.module.eks_with_node_group.module.eks.data.aws_iam_session_context.current",
            "module.cluster.module.eks_with_node_group.module.eks.data.aws_partition.current",
            "module.cluster.module.eks_with_node_group.module.eks.module.eks_managed_node_group.aws_iam_role.this",
            "module.cluster.module.eks_with_node_group.module.eks.module.eks_managed_node_group.aws_iam_role_policy_attachment.this",
            "module.cluster.module.eks_with_node_group.module.eks.module.eks_managed_node_group.aws_launch_template.this",
            "module.cluster.module.eks_with_node_group.module.eks.module.eks_managed_node_group.data.aws_caller_identity.current",
            "module.cluster.module.eks_with_node_group.module.eks.module.eks_managed_node_group.data.aws_iam_policy_document.assume_role_policy",
            "module.cluster.module.eks_with_node_group.module.eks.module.eks_managed_node_group.data.aws_partition.current",
            "module.cluster.module.eks_with_node_group.module.eks.module.eks_managed_node_group.module.user_data.data.cloudinit_config.linux_eks_managed_node_group",
            "module.cluster.module.eks_with_node_group.module.eks.module.kms.aws_kms_external_key.this",
            "module.cluster.module.eks_with_node_group.module.eks.module.kms.aws_kms_key.this",
            "module.cluster.module.eks_with_node_group.module.eks.module.kms.data.aws_caller_identity.current",
            "module.cluster.module.eks_with_node_group.module.eks.module.kms.data.aws_iam_policy_document.this",
            "module.cluster.module.eks_with_node_group.module.eks.module.kms.data.aws_partition.current",
            "module.cluster.module.eks_with_node_group.module.eks.time_sleep.this",
            "module.cluster.module.vpc_with_subnets.data.aws_availability_zones.available",
            "module.cluster.module.vpc_with_subnets.module.vpc_and_subnets.aws_subnet.private",
            "module.cluster.module.vpc_with_subnets.module.vpc_and_subnets.aws_vpc.this",
            "module.cluster.module.vpc_with_subnets.module.vpc_and_subnets.aws_vpc_ipv4_cidr_block_association.this"
          ],
          "create_before_destroy": true
        }
      ]
    },
    {
      "module": "module.cluster.module.eks_with_node_group.module.eks.module.eks_managed_node_group[\"worker\"]",
      "mode": "managed",
      "type": "aws_iam_role",
      "name": "this",
      "provider": "provider[\"registry.terraform.io/hashicorp/aws\"]",
      "instances": [
        {
          "index_key": 0,
          "schema_version": 0,
          "attributes": {
            "arn": "arn:aws:iam::835776587202:role/worker-eks-node-group-20240206034716409500000001",
            "assume_role_policy": "{\"Statement\":[{\"Action\":\"sts:AssumeRole\",\"Effect\":\"Allow\",\"Principal\":{\"Service\":\"ec2.amazonaws.com\"},\"Sid\":\"EKSNodeAssumeRole\"}],\"Version\":\"2012-10-17\"}",
            "create_date": "2024-02-06T03:47:17Z",
            "description": "EKS managed node group IAM role",
            "force_detach_policies": true,
            "id": "worker-eks-node-group-20240206034716409500000001",
            "inline_policy": [],
            "managed_policy_arns": [
              "arn:aws:iam::aws:policy/AmazonEC2ContainerRegistryReadOnly",
              "arn:aws:iam::aws:policy/AmazonEKSWorkerNodePolicy",
              "arn:aws:iam::aws:policy/AmazonEKS_CNI_Policy"
            ],
            "max_session_duration": 3600,
            "name": "worker-eks-node-group-20240206034716409500000001",
            "name_prefix": "worker-eks-node-group-",
            "path": "/",
            "permissions_boundary": null,
            "tags": {},
            "tags_all": {},
            "unique_id": "AROA4FGBKUXBMKQ7VOVHO"
          },
          "sensitive_attributes": [],
          "private": "bnVsbA==",
          "dependencies": [
            "module.cluster.module.eks_with_node_group.module.eks.module.eks_managed_node_group.data.aws_iam_policy_document.assume_role_policy",
            "module.cluster.module.eks_with_node_group.module.eks.module.eks_managed_node_group.data.aws_partition.current"
          ],
          "create_before_destroy": true
        }
      ]
    },
    {
      "module": "module.cluster.module.eks_with_node_group.module.eks.module.eks_managed_node_group[\"worker\"]",
      "mode": "managed",
      "type": "aws_iam_role_policy_attachment",
      "name": "this",
      "provider": "provider[\"registry.terraform.io/hashicorp/aws\"]",
      "instances": [
        {
          "index_key": "arn:aws:iam::aws:policy/AmazonEC2ContainerRegistryReadOnly",
          "schema_version": 0,
          "attributes": {
            "id": "worker-eks-node-group-20240206034716409500000001-20240206034719113600000005",
            "policy_arn": "arn:aws:iam::aws:policy/AmazonEC2ContainerRegistryReadOnly",
            "role": "worker-eks-node-group-20240206034716409500000001"
          },
          "sensitive_attributes": [],
          "private": "bnVsbA==",
          "dependencies": [
            "module.cluster.module.eks_with_node_group.module.eks.module.eks_managed_node_group.aws_iam_role.this",
            "module.cluster.module.eks_with_node_group.module.eks.module.eks_managed_node_group.data.aws_caller_identity.current",
            "module.cluster.module.eks_with_node_group.module.eks.module.eks_managed_node_group.data.aws_iam_policy_document.assume_role_policy",
            "module.cluster.module.eks_with_node_group.module.eks.module.eks_managed_node_group.data.aws_partition.current"
          ],
          "create_before_destroy": true
        },
        {
          "index_key": "arn:aws:iam::aws:policy/AmazonEKSWorkerNodePolicy",
          "schema_version": 0,
          "attributes": {
            "id": "worker-eks-node-group-20240206034716409500000001-20240206034718789000000003",
            "policy_arn": "arn:aws:iam::aws:policy/AmazonEKSWorkerNodePolicy",
            "role": "worker-eks-node-group-20240206034716409500000001"
          },
          "sensitive_attributes": [],
          "private": "bnVsbA==",
          "dependencies": [
            "module.cluster.module.eks_with_node_group.module.eks.module.eks_managed_node_group.aws_iam_role.this",
            "module.cluster.module.eks_with_node_group.module.eks.module.eks_managed_node_group.data.aws_caller_identity.current",
            "module.cluster.module.eks_with_node_group.module.eks.module.eks_managed_node_group.data.aws_iam_policy_document.assume_role_policy",
            "module.cluster.module.eks_with_node_group.module.eks.module.eks_managed_node_group.data.aws_partition.current"
          ],
          "create_before_destroy": true
        },
        {
          "index_key": "arn:aws:iam::aws:policy/AmazonEKS_CNI_Policy",
          "schema_version": 0,
          "attributes": {
            "id": "worker-eks-node-group-20240206034716409500000001-20240206034718820900000004",
            "policy_arn": "arn:aws:iam::aws:policy/AmazonEKS_CNI_Policy",
            "role": "worker-eks-node-group-20240206034716409500000001"
          },
          "sensitive_attributes": [],
          "private": "bnVsbA==",
          "dependencies": [
            "module.cluster.module.eks_with_node_group.module.eks.module.eks_managed_node_group.aws_iam_role.this",
            "module.cluster.module.eks_with_node_group.module.eks.module.eks_managed_node_group.data.aws_caller_identity.current",
            "module.cluster.module.eks_with_node_group.module.eks.module.eks_managed_node_group.data.aws_iam_policy_document.assume_role_policy",
            "module.cluster.module.eks_with_node_group.module.eks.module.eks_managed_node_group.data.aws_partition.current"
          ],
          "create_before_destroy": true
        }
      ]
    },
    {
      "module": "module.cluster.module.eks_with_node_group.module.eks.module.eks_managed_node_group[\"worker\"]",
      "mode": "managed",
      "type": "aws_launch_template",
      "name": "this",
      "provider": "provider[\"registry.terraform.io/hashicorp/aws\"]",
      "instances": [
        {
          "index_key": 0,
          "schema_version": 0,
          "attributes": {
            "arn": "arn:aws:ec2:ap-southeast-2:835776587202:launch-template/lt-04e5bbe07bb2a5f79",
            "block_device_mappings": [],
            "capacity_reservation_specification": [],
            "cpu_options": [],
            "credit_specification": [],
            "default_version": 1,
            "description": "Custom launch template for worker EKS managed node group",
            "disable_api_stop": false,
            "disable_api_termination": false,
            "ebs_optimized": "",
            "elastic_gpu_specifications": [],
            "elastic_inference_accelerator": [],
            "enclave_options": [],
            "hibernation_options": [],
            "iam_instance_profile": [],
            "id": "lt-04e5bbe07bb2a5f79",
            "image_id": "",
            "instance_initiated_shutdown_behavior": "",
            "instance_market_options": [],
            "instance_requirements": [],
            "instance_type": "",
            "kernel_id": "",
            "key_name": "",
            "latest_version": 1,
            "license_specification": [],
            "maintenance_options": [],
            "metadata_options": [
              {
                "http_endpoint": "enabled",
                "http_protocol_ipv6": "",
                "http_put_response_hop_limit": 2,
                "http_tokens": "required",
                "instance_metadata_tags": ""
              }
            ],
            "monitoring": [
              {
                "enabled": true
              }
            ],
            "name": "worker-2024020603555069250000000f",
            "name_prefix": "worker-",
            "network_interfaces": [],
            "placement": [],
            "private_dns_name_options": [],
            "ram_disk_id": "",
            "security_group_names": [],
            "tag_specifications": [
              {
                "resource_type": "instance",
                "tags": {
                  "Name": "worker"
                }
              },
              {
                "resource_type": "network-interface",
                "tags": {
                  "Name": "worker"
                }
              },
              {
                "resource_type": "volume",
                "tags": {
                  "Name": "worker"
                }
              }
            ],
            "tags": {},
            "tags_all": {},
            "update_default_version": true,
            "user_data": "",
            "vpc_security_group_ids": [
              "sg-0d3164385ec7b845f"
            ]
          },
          "sensitive_attributes": [],
          "private": "bnVsbA==",
          "dependencies": [
            "module.cluster.module.eks_with_node_group.module.eks.aws_cloudwatch_log_group.this",
            "module.cluster.module.eks_with_node_group.module.eks.aws_eks_cluster.this",
            "module.cluster.module.eks_with_node_group.module.eks.aws_iam_policy.cni_ipv6_policy",
            "module.cluster.module.eks_with_node_group.module.eks.aws_iam_role.this",
            "module.cluster.module.eks_with_node_group.module.eks.aws_iam_role_policy_attachment.this",
            "module.cluster.module.eks_with_node_group.module.eks.aws_security_group.cluster",
            "module.cluster.module.eks_with_node_group.module.eks.aws_security_group.node",
            "module.cluster.module.eks_with_node_group.module.eks.aws_security_group_rule.cluster",
            "module.cluster.module.eks_with_node_group.module.eks.aws_security_group_rule.node",
            "module.cluster.module.eks_with_node_group.module.eks.data.aws_caller_identity.current",
            "module.cluster.module.eks_with_node_group.module.eks.data.aws_iam_policy_document.assume_role_policy",
            "module.cluster.module.eks_with_node_group.module.eks.data.aws_iam_policy_document.cni_ipv6_policy",
            "module.cluster.module.eks_with_node_group.module.eks.data.aws_iam_session_context.current",
            "module.cluster.module.eks_with_node_group.module.eks.data.aws_partition.current",
            "module.cluster.module.eks_with_node_group.module.eks.module.eks_managed_node_group.aws_iam_role.this",
            "module.cluster.module.eks_with_node_group.module.eks.module.eks_managed_node_group.aws_iam_role_policy_attachment.this",
            "module.cluster.module.eks_with_node_group.module.eks.module.eks_managed_node_group.data.aws_caller_identity.current",
            "module.cluster.module.eks_with_node_group.module.eks.module.eks_managed_node_group.data.aws_iam_policy_document.assume_role_policy",
            "module.cluster.module.eks_with_node_group.module.eks.module.eks_managed_node_group.data.aws_partition.current",
            "module.cluster.module.eks_with_node_group.module.eks.module.eks_managed_node_group.module.user_data.data.cloudinit_config.linux_eks_managed_node_group",
            "module.cluster.module.eks_with_node_group.module.eks.module.kms.aws_kms_external_key.this",
            "module.cluster.module.eks_with_node_group.module.eks.module.kms.aws_kms_key.this",
            "module.cluster.module.eks_with_node_group.module.eks.module.kms.data.aws_caller_identity.current",
            "module.cluster.module.eks_with_node_group.module.eks.module.kms.data.aws_iam_policy_document.this",
            "module.cluster.module.eks_with_node_group.module.eks.module.kms.data.aws_partition.current",
            "module.cluster.module.eks_with_node_group.module.eks.time_sleep.this",
            "module.cluster.module.vpc_with_subnets.data.aws_availability_zones.available",
            "module.cluster.module.vpc_with_subnets.module.vpc_and_subnets.aws_subnet.private",
            "module.cluster.module.vpc_with_subnets.module.vpc_and_subnets.aws_vpc.this",
            "module.cluster.module.vpc_with_subnets.module.vpc_and_subnets.aws_vpc_ipv4_cidr_block_association.this"
          ],
          "create_before_destroy": true
        }
      ]
    },
    {
      "module": "module.cluster.module.eks_with_node_group.module.eks.module.kms",
      "mode": "data",
      "type": "aws_caller_identity",
      "name": "current",
      "provider": "provider[\"registry.terraform.io/hashicorp/aws\"]",
      "instances": [
        {
          "schema_version": 0,
          "attributes": {
            "account_id": "835776587202",
            "arn": "arn:aws:iam::835776587202:root",
            "id": "835776587202",
            "user_id": "835776587202"
          },
          "sensitive_attributes": []
        }
      ]
    },
    {
      "module": "module.cluster.module.eks_with_node_group.module.eks.module.kms",
      "mode": "data",
      "type": "aws_iam_policy_document",
      "name": "this",
      "provider": "provider[\"registry.terraform.io/hashicorp/aws\"]",
      "instances": [
        {
          "index_key": 0,
          "schema_version": 0,
          "attributes": {
            "id": "105265125",
            "json": "{\n  \"Version\": \"2012-10-17\",\n  \"Statement\": [\n    {\n      \"Sid\": \"KeyAdministration\",\n      \"Effect\": \"Allow\",\n      \"Action\": [\n        \"kms:Update*\",\n        \"kms:UntagResource\",\n        \"kms:TagResource\",\n        \"kms:ScheduleKeyDeletion\",\n        \"kms:Revoke*\",\n        \"kms:Put*\",\n        \"kms:List*\",\n        \"kms:Get*\",\n        \"kms:Enable*\",\n        \"kms:Disable*\",\n        \"kms:Describe*\",\n        \"kms:Delete*\",\n        \"kms:Create*\",\n        \"kms:CancelKeyDeletion\"\n      ],\n      \"Resource\": \"*\",\n      \"Principal\": {\n        \"AWS\": \"arn:aws:iam::835776587202:root\"\n      }\n    },\n    {\n      \"Sid\": \"KeyUsage\",\n      \"Effect\": \"Allow\",\n      \"Action\": [\n        \"kms:ReEncrypt*\",\n        \"kms:GenerateDataKey*\",\n        \"kms:Encrypt\",\n        \"kms:DescribeKey\",\n        \"kms:Decrypt\"\n      ],\n      \"Resource\": \"*\",\n      \"Principal\": {\n        \"AWS\": \"arn:aws:iam::835776587202:role/platformwale-cluster-20240206034716410100000002\"\n      }\n    }\n  ]\n}",
            "override_policy_documents": null,
            "policy_id": null,
            "source_policy_documents": null,
            "statement": [
              {
                "actions": [
                  "kms:CancelKeyDeletion",
                  "kms:Create*",
                  "kms:Delete*",
                  "kms:Describe*",
                  "kms:Disable*",
                  "kms:Enable*",
                  "kms:Get*",
                  "kms:List*",
                  "kms:Put*",
                  "kms:Revoke*",
                  "kms:ScheduleKeyDeletion",
                  "kms:TagResource",
                  "kms:UntagResource",
                  "kms:Update*"
                ],
                "condition": [],
                "effect": "Allow",
                "not_actions": [],
                "not_principals": [],
                "not_resources": [],
                "principals": [
                  {
                    "identifiers": [
                      "arn:aws:iam::835776587202:root"
                    ],
                    "type": "AWS"
                  }
                ],
                "resources": [
                  "*"
                ],
                "sid": "KeyAdministration"
              },
              {
                "actions": [
                  "kms:Decrypt",
                  "kms:DescribeKey",
                  "kms:Encrypt",
                  "kms:GenerateDataKey*",
                  "kms:ReEncrypt*"
                ],
                "condition": [],
                "effect": "Allow",
                "not_actions": [],
                "not_principals": [],
                "not_resources": [],
                "principals": [
                  {
                    "identifiers": [
                      "arn:aws:iam::835776587202:role/platformwale-cluster-20240206034716410100000002"
                    ],
                    "type": "AWS"
                  }
                ],
                "resources": [
                  "*"
                ],
                "sid": "KeyUsage"
              }
            ],
            "version": "2012-10-17"
          },
          "sensitive_attributes": []
        }
      ]
    },
    {
      "module": "module.cluster.module.eks_with_node_group.module.eks.module.kms",
      "mode": "data",
      "type": "aws_partition",
      "name": "current",
      "provider": "provider[\"registry.terraform.io/hashicorp/aws\"]",
      "instances": [
        {
          "schema_version": 0,
          "attributes": {
            "dns_suffix": "amazonaws.com",
            "id": "aws",
            "partition": "aws",
            "reverse_dns_prefix": "com.amazonaws"
          },
          "sensitive_attributes": []
        }
      ]
    },
    {
      "module": "module.cluster.module.eks_with_node_group.module.eks.module.kms",
      "mode": "managed",
      "type": "aws_kms_alias",
      "name": "this",
      "provider": "provider[\"registry.terraform.io/hashicorp/aws\"]",
      "instances": [
        {
          "index_key": "cluster",
          "schema_version": 0,
          "attributes": {
            "arn": "arn:aws:kms:ap-southeast-2:835776587202:alias/eks/platformwale",
            "id": "alias/eks/platformwale",
            "name": "alias/eks/platformwale",
            "name_prefix": "",
            "target_key_arn": "arn:aws:kms:ap-southeast-2:835776587202:key/b492667f-5d64-4cae-90f6-7e590348ed6c",
            "target_key_id": "b492667f-5d64-4cae-90f6-7e590348ed6c"
          },
          "sensitive_attributes": [],
          "private": "bnVsbA==",
          "dependencies": [
            "module.cluster.module.eks_with_node_group.module.eks.aws_iam_role.this",
            "module.cluster.module.eks_with_node_group.module.eks.data.aws_caller_identity.current",
            "module.cluster.module.eks_with_node_group.module.eks.data.aws_iam_policy_document.assume_role_policy",
            "module.cluster.module.eks_with_node_group.module.eks.data.aws_iam_session_context.current",
            "module.cluster.module.eks_with_node_group.module.eks.data.aws_partition.current",
            "module.cluster.module.eks_with_node_group.module.eks.module.kms.aws_kms_external_key.this",
            "module.cluster.module.eks_with_node_group.module.eks.module.kms.aws_kms_key.this",
            "module.cluster.module.eks_with_node_group.module.eks.module.kms.data.aws_caller_identity.current",
            "module.cluster.module.eks_with_node_group.module.eks.module.kms.data.aws_iam_policy_document.this",
            "module.cluster.module.eks_with_node_group.module.eks.module.kms.data.aws_partition.current"
          ]
        }
      ]
    },
    {
      "module": "module.cluster.module.eks_with_node_group.module.eks.module.kms",
      "mode": "managed",
      "type": "aws_kms_key",
      "name": "this",
      "provider": "provider[\"registry.terraform.io/hashicorp/aws\"]",
      "instances": [
        {
          "index_key": 0,
          "schema_version": 0,
          "attributes": {
            "arn": "arn:aws:kms:ap-southeast-2:835776587202:key/b492667f-5d64-4cae-90f6-7e590348ed6c",
            "bypass_policy_lockout_safety_check": false,
            "custom_key_store_id": "",
            "customer_master_key_spec": "SYMMETRIC_DEFAULT",
            "deletion_window_in_days": null,
            "description": "platformwale cluster encryption key",
            "enable_key_rotation": true,
            "id": "b492667f-5d64-4cae-90f6-7e590348ed6c",
            "is_enabled": true,
            "key_id": "b492667f-5d64-4cae-90f6-7e590348ed6c",
            "key_usage": "ENCRYPT_DECRYPT",
            "multi_region": false,
            "policy": "{\"Statement\":[{\"Action\":[\"kms:Update*\",\"kms:UntagResource\",\"kms:TagResource\",\"kms:ScheduleKeyDeletion\",\"kms:Revoke*\",\"kms:Put*\",\"kms:List*\",\"kms:Get*\",\"kms:Enable*\",\"kms:Disable*\",\"kms:Describe*\",\"kms:Delete*\",\"kms:Create*\",\"kms:CancelKeyDeletion\"],\"Effect\":\"Allow\",\"Principal\":{\"AWS\":\"arn:aws:iam::835776587202:root\"},\"Resource\":\"*\",\"Sid\":\"KeyAdministration\"},{\"Action\":[\"kms:ReEncrypt*\",\"kms:GenerateDataKey*\",\"kms:Encrypt\",\"kms:DescribeKey\",\"kms:Decrypt\"],\"Effect\":\"Allow\",\"Principal\":{\"AWS\":\"arn:aws:iam::835776587202:role/platformwale-cluster-20240206034716410100000002\"},\"Resource\":\"*\",\"Sid\":\"KeyUsage\"}],\"Version\":\"2012-10-17\"}",
            "tags": {},
            "tags_all": {}
          },
          "sensitive_attributes": [],
          "private": "bnVsbA==",
          "dependencies": [
            "module.cluster.module.eks_with_node_group.module.eks.aws_iam_role.this",
            "module.cluster.module.eks_with_node_group.module.eks.data.aws_caller_identity.current",
            "module.cluster.module.eks_with_node_group.module.eks.data.aws_iam_policy_document.assume_role_policy",
            "module.cluster.module.eks_with_node_group.module.eks.data.aws_iam_session_context.current",
            "module.cluster.module.eks_with_node_group.module.eks.data.aws_partition.current",
            "module.cluster.module.eks_with_node_group.module.eks.module.kms.data.aws_caller_identity.current",
            "module.cluster.module.eks_with_node_group.module.eks.module.kms.data.aws_iam_policy_document.this",
            "module.cluster.module.eks_with_node_group.module.eks.module.kms.data.aws_partition.current"
          ],
          "create_before_destroy": true
        }
      ]
    },
    {
      "module": "module.cluster.module.vpc_with_subnets",
      "mode": "data",
      "type": "aws_availability_zones",
      "name": "available",
      "provider": "provider[\"registry.terraform.io/hashicorp/aws\"]",
      "instances": [
        {
          "schema_version": 0,
          "attributes": {
            "all_availability_zones": null,
            "exclude_names": null,
            "exclude_zone_ids": null,
            "filter": null,
            "group_names": [
              "ap-southeast-2"
            ],
            "id": "ap-southeast-2",
            "names": [
              "ap-southeast-2a",
              "ap-southeast-2b",
              "ap-southeast-2c"
            ],
            "state": null,
            "timeouts": null,
            "zone_ids": [
              "apse2-az1",
              "apse2-az3",
              "apse2-az2"
            ]
          },
          "sensitive_attributes": []
        }
      ]
    },
    {
      "module": "module.cluster.module.vpc_with_subnets.module.vpc_and_subnets",
      "mode": "managed",
      "type": "aws_default_network_acl",
      "name": "this",
      "provider": "provider[\"registry.terraform.io/hashicorp/aws\"]",
      "instances": [
        {
          "index_key": 0,
          "schema_version": 0,
          "attributes": {
            "arn": "arn:aws:ec2:ap-southeast-2:835776587202:network-acl/acl-0b42b87ac9c34d153",
            "default_network_acl_id": "acl-0b42b87ac9c34d153",
            "egress": [
              {
                "action": "allow",
                "cidr_block": "",
                "from_port": 0,
                "icmp_code": 0,
                "icmp_type": 0,
                "ipv6_cidr_block": "::/0",
                "protocol": "-1",
                "rule_no": 101,
                "to_port": 0
              },
              {
                "action": "allow",
                "cidr_block": "0.0.0.0/0",
                "from_port": 0,
                "icmp_code": 0,
                "icmp_type": 0,
                "ipv6_cidr_block": "",
                "protocol": "-1",
                "rule_no": 100,
                "to_port": 0
              }
            ],
            "id": "acl-0b42b87ac9c34d153",
            "ingress": [
              {
                "action": "allow",
                "cidr_block": "",
                "from_port": 0,
                "icmp_code": 0,
                "icmp_type": 0,
                "ipv6_cidr_block": "::/0",
                "protocol": "-1",
                "rule_no": 101,
                "to_port": 0
              },
              {
                "action": "allow",
                "cidr_block": "0.0.0.0/0",
                "from_port": 0,
                "icmp_code": 0,
                "icmp_type": 0,
                "ipv6_cidr_block": "",
                "protocol": "-1",
                "rule_no": 100,
                "to_port": 0
              }
            ],
            "owner_id": "835776587202",
            "subnet_ids": [
              "subnet-0042d6a345ef90993",
              "subnet-0637937cdceff4719",
              "subnet-0adb0b11660bdc2fe",
              "subnet-0eab59bca50fffcb2",
              "subnet-0f80a31838e15d99f",
              "subnet-0fb422d076cfd5a40"
            ],
            "tags": {
              "Name": "platformwale-default"
            },
            "tags_all": {
              "Name": "platformwale-default"
            },
            "vpc_id": "vpc-0261abb4939096308"
          },
          "sensitive_attributes": [],
          "private": "bnVsbA==",
          "dependencies": [
            "module.cluster.module.vpc_with_subnets.module.vpc_and_subnets.aws_vpc.this"
          ]
        }
      ]
    },
    {
      "module": "module.cluster.module.vpc_with_subnets.module.vpc_and_subnets",
      "mode": "managed",
      "type": "aws_default_route_table",
      "name": "default",
      "provider": "provider[\"registry.terraform.io/hashicorp/aws\"]",
      "instances": [
        {
          "index_key": 0,
          "schema_version": 0,
          "attributes": {
            "arn": "arn:aws:ec2:ap-southeast-2:835776587202:route-table/rtb-021cb6c777a9d9e12",
            "default_route_table_id": "rtb-021cb6c777a9d9e12",
            "id": "rtb-021cb6c777a9d9e12",
            "owner_id": "835776587202",
            "propagating_vgws": [],
            "route": [],
            "tags": {
              "Name": "platformwale-default"
            },
            "tags_all": {
              "Name": "platformwale-default"
            },
            "timeouts": {
              "create": "5m",
              "update": "5m"
            },
            "vpc_id": "vpc-0261abb4939096308"
          },
          "sensitive_attributes": [],
          "private": "eyJlMmJmYjczMC1lY2FhLTExZTYtOGY4OC0zNDM2M2JjN2M0YzAiOnsiY3JlYXRlIjozMDAwMDAwMDAwMDAsInVwZGF0ZSI6MzAwMDAwMDAwMDAwfX0=",
          "dependencies": [
            "module.cluster.module.vpc_with_subnets.module.vpc_and_subnets.aws_vpc.this"
          ]
        }
      ]
    },
    {
      "module": "module.cluster.module.vpc_with_subnets.module.vpc_and_subnets",
      "mode": "managed",
      "type": "aws_default_security_group",
      "name": "this",
      "provider": "provider[\"registry.terraform.io/hashicorp/aws\"]",
      "instances": [
        {
          "index_key": 0,
          "schema_version": 1,
          "attributes": {
            "arn": "arn:aws:ec2:ap-southeast-2:835776587202:security-group/sg-02fd77a3d8fcc4635",
            "description": "default VPC security group",
            "egress": [],
            "id": "sg-02fd77a3d8fcc4635",
            "ingress": [],
            "name": "default",
            "name_prefix": "",
            "owner_id": "835776587202",
            "revoke_rules_on_delete": false,
            "tags": {
              "Name": "platformwale-default"
            },
            "tags_all": {
              "Name": "platformwale-default"
            },
            "vpc_id": "vpc-0261abb4939096308"
          },
          "sensitive_attributes": [],
          "private": "eyJzY2hlbWFfdmVyc2lvbiI6IjEifQ==",
          "dependencies": [
            "module.cluster.module.vpc_with_subnets.module.vpc_and_subnets.aws_vpc.this"
          ]
        }
      ]
    },
    {
      "module": "module.cluster.module.vpc_with_subnets.module.vpc_and_subnets",
      "mode": "managed",
      "type": "aws_eip",
      "name": "nat",
      "provider": "provider[\"registry.terraform.io/hashicorp/aws\"]",
      "instances": [
        {
          "index_key": 0,
          "schema_version": 0,
          "attributes": {
            "address": null,
            "allocation_id": "eipalloc-0126b4379b6ec8200",
            "associate_with_private_ip": null,
            "association_id": "eipassoc-0e48b4c25c08a38dd",
            "carrier_ip": "",
            "customer_owned_ip": "",
            "customer_owned_ipv4_pool": "",
            "domain": "vpc",
            "id": "eipalloc-0126b4379b6ec8200",
            "instance": "",
            "network_border_group": "ap-southeast-2",
            "network_interface": "eni-047ee57898e7fe8b8",
            "private_dns": "ip-10-0-0-53.ap-southeast-2.compute.internal",
            "private_ip": "10.0.0.53",
            "public_dns": "ec2-3-104-72-221.ap-southeast-2.compute.amazonaws.com",
            "public_ip": "3.104.72.221",
            "public_ipv4_pool": "amazon",
            "tags": {
              "Name": "platformwale-ap-southeast-2a"
            },
            "tags_all": {
              "Name": "platformwale-ap-southeast-2a"
            },
            "timeouts": null,
            "vpc": true
          },
          "sensitive_attributes": [],
          "private": "eyJlMmJmYjczMC1lY2FhLTExZTYtOGY4OC0zNDM2M2JjN2M0YzAiOnsiZGVsZXRlIjoxODAwMDAwMDAwMDAsInJlYWQiOjkwMDAwMDAwMDAwMCwidXBkYXRlIjozMDAwMDAwMDAwMDB9fQ==",
          "dependencies": [
            "module.cluster.module.vpc_with_subnets.data.aws_availability_zones.available",
            "module.cluster.module.vpc_with_subnets.module.vpc_and_subnets.aws_internet_gateway.this",
            "module.cluster.module.vpc_with_subnets.module.vpc_and_subnets.aws_vpc.this",
            "module.cluster.module.vpc_with_subnets.module.vpc_and_subnets.aws_vpc_ipv4_cidr_block_association.this"
          ]
        },
        {
          "index_key": 1,
          "schema_version": 0,
          "attributes": {
            "address": null,
            "allocation_id": "eipalloc-0ce86a0d14f34ef07",
            "associate_with_private_ip": null,
            "association_id": "eipassoc-00e9c6578bef619e5",
            "carrier_ip": "",
            "customer_owned_ip": "",
            "customer_owned_ipv4_pool": "",
            "domain": "vpc",
            "id": "eipalloc-0ce86a0d14f34ef07",
            "instance": "",
            "network_border_group": "ap-southeast-2",
            "network_interface": "eni-0d54995651bac6cdc",
            "private_dns": "ip-10-0-1-155.ap-southeast-2.compute.internal",
            "private_ip": "10.0.1.155",
            "public_dns": "ec2-13-239-94-16.ap-southeast-2.compute.amazonaws.com",
            "public_ip": "13.239.94.16",
            "public_ipv4_pool": "amazon",
            "tags": {
              "Name": "platformwale-ap-southeast-2b"
            },
            "tags_all": {
              "Name": "platformwale-ap-southeast-2b"
            },
            "timeouts": null,
            "vpc": true
          },
          "sensitive_attributes": [],
          "private": "eyJlMmJmYjczMC1lY2FhLTExZTYtOGY4OC0zNDM2M2JjN2M0YzAiOnsiZGVsZXRlIjoxODAwMDAwMDAwMDAsInJlYWQiOjkwMDAwMDAwMDAwMCwidXBkYXRlIjozMDAwMDAwMDAwMDB9fQ==",
          "dependencies": [
            "module.cluster.module.vpc_with_subnets.data.aws_availability_zones.available",
            "module.cluster.module.vpc_with_subnets.module.vpc_and_subnets.aws_internet_gateway.this",
            "module.cluster.module.vpc_with_subnets.module.vpc_and_subnets.aws_vpc.this",
            "module.cluster.module.vpc_with_subnets.module.vpc_and_subnets.aws_vpc_ipv4_cidr_block_association.this"
          ]
        },
        {
          "index_key": 2,
          "schema_version": 0,
          "attributes": {
            "address": null,
            "allocation_id": "eipalloc-00f91ff06dfabcf4d",
            "associate_with_private_ip": null,
            "association_id": "eipassoc-09942338360ed41dc",
            "carrier_ip": "",
            "customer_owned_ip": "",
            "customer_owned_ipv4_pool": "",
            "domain": "vpc",
            "id": "eipalloc-00f91ff06dfabcf4d",
            "instance": "",
            "network_border_group": "ap-southeast-2",
            "network_interface": "eni-0ca59d44d101cc7d2",
            "private_dns": "ip-10-0-2-121.ap-southeast-2.compute.internal",
            "private_ip": "10.0.2.121",
            "public_dns": "ec2-13-238-46-20.ap-southeast-2.compute.amazonaws.com",
            "public_ip": "13.238.46.20",
            "public_ipv4_pool": "amazon",
            "tags": {
              "Name": "platformwale-ap-southeast-2c"
            },
            "tags_all": {
              "Name": "platformwale-ap-southeast-2c"
            },
            "timeouts": null,
            "vpc": true
          },
          "sensitive_attributes": [],
          "private": "eyJlMmJmYjczMC1lY2FhLTExZTYtOGY4OC0zNDM2M2JjN2M0YzAiOnsiZGVsZXRlIjoxODAwMDAwMDAwMDAsInJlYWQiOjkwMDAwMDAwMDAwMCwidXBkYXRlIjozMDAwMDAwMDAwMDB9fQ==",
          "dependencies": [
            "module.cluster.module.vpc_with_subnets.data.aws_availability_zones.available",
            "module.cluster.module.vpc_with_subnets.module.vpc_and_subnets.aws_internet_gateway.this",
            "module.cluster.module.vpc_with_subnets.module.vpc_and_subnets.aws_vpc.this",
            "module.cluster.module.vpc_with_subnets.module.vpc_and_subnets.aws_vpc_ipv4_cidr_block_association.this"
          ]
        }
      ]
    },
    {
      "module": "module.cluster.module.vpc_with_subnets.module.vpc_and_subnets",
      "mode": "managed",
      "type": "aws_internet_gateway",
      "name": "this",
      "provider": "provider[\"registry.terraform.io/hashicorp/aws\"]",
      "instances": [
        {
          "index_key": 0,
          "schema_version": 0,
          "attributes": {
            "arn": "arn:aws:ec2:ap-southeast-2:835776587202:internet-gateway/igw-0d857ed673ed5882c",
            "id": "igw-0d857ed673ed5882c",
            "owner_id": "835776587202",
            "tags": {
              "Name": "platformwale"
            },
            "tags_all": {
              "Name": "platformwale"
            },
            "timeouts": null,
            "vpc_id": "vpc-0261abb4939096308"
          },
          "sensitive_attributes": [],
          "private": "eyJlMmJmYjczMC1lY2FhLTExZTYtOGY4OC0zNDM2M2JjN2M0YzAiOnsiY3JlYXRlIjoxMjAwMDAwMDAwMDAwLCJkZWxldGUiOjEyMDAwMDAwMDAwMDAsInVwZGF0ZSI6MTIwMDAwMDAwMDAwMH19",
          "dependencies": [
            "module.cluster.module.vpc_with_subnets.module.vpc_and_subnets.aws_vpc.this",
            "module.cluster.module.vpc_with_subnets.module.vpc_and_subnets.aws_vpc_ipv4_cidr_block_association.this"
          ]
        }
      ]
    },
    {
      "module": "module.cluster.module.vpc_with_subnets.module.vpc_and_subnets",
      "mode": "managed",
      "type": "aws_nat_gateway",
      "name": "this",
      "provider": "provider[\"registry.terraform.io/hashicorp/aws\"]",
      "instances": [
        {
          "index_key": 0,
          "schema_version": 0,
          "attributes": {
            "allocation_id": "eipalloc-0126b4379b6ec8200",
            "association_id": "eipassoc-0e48b4c25c08a38dd",
            "connectivity_type": "public",
            "id": "nat-03c02dfcfad509efd",
            "network_interface_id": "eni-047ee57898e7fe8b8",
            "private_ip": "10.0.0.53",
            "public_ip": "3.104.72.221",
            "subnet_id": "subnet-0fb422d076cfd5a40",
            "tags": {
              "Name": "platformwale-ap-southeast-2a"
            },
            "tags_all": {
              "Name": "platformwale-ap-southeast-2a"
            }
          },
          "sensitive_attributes": [],
          "private": "bnVsbA==",
          "dependencies": [
            "module.cluster.module.vpc_with_subnets.data.aws_availability_zones.available",
            "module.cluster.module.vpc_with_subnets.module.vpc_and_subnets.aws_eip.nat",
            "module.cluster.module.vpc_with_subnets.module.vpc_and_subnets.aws_internet_gateway.this",
            "module.cluster.module.vpc_with_subnets.module.vpc_and_subnets.aws_subnet.public",
            "module.cluster.module.vpc_with_subnets.module.vpc_and_subnets.aws_vpc.this",
            "module.cluster.module.vpc_with_subnets.module.vpc_and_subnets.aws_vpc_ipv4_cidr_block_association.this"
          ]
        },
        {
          "index_key": 1,
          "schema_version": 0,
          "attributes": {
            "allocation_id": "eipalloc-0ce86a0d14f34ef07",
            "association_id": "eipassoc-00e9c6578bef619e5",
            "connectivity_type": "public",
            "id": "nat-04973d63cb9380a10",
            "network_interface_id": "eni-0d54995651bac6cdc",
            "private_ip": "10.0.1.155",
            "public_ip": "13.239.94.16",
            "subnet_id": "subnet-0042d6a345ef90993",
            "tags": {
              "Name": "platformwale-ap-southeast-2b"
            },
            "tags_all": {
              "Name": "platformwale-ap-southeast-2b"
            }
          },
          "sensitive_attributes": [],
          "private": "bnVsbA==",
          "dependencies": [
            "module.cluster.module.vpc_with_subnets.data.aws_availability_zones.available",
            "module.cluster.module.vpc_with_subnets.module.vpc_and_subnets.aws_eip.nat",
            "module.cluster.module.vpc_with_subnets.module.vpc_and_subnets.aws_internet_gateway.this",
            "module.cluster.module.vpc_with_subnets.module.vpc_and_subnets.aws_subnet.public",
            "module.cluster.module.vpc_with_subnets.module.vpc_and_subnets.aws_vpc.this",
            "module.cluster.module.vpc_with_subnets.module.vpc_and_subnets.aws_vpc_ipv4_cidr_block_association.this"
          ]
        },
        {
          "index_key": 2,
          "schema_version": 0,
          "attributes": {
            "allocation_id": "eipalloc-00f91ff06dfabcf4d",
            "association_id": "eipassoc-09942338360ed41dc",
            "connectivity_type": "public",
            "id": "nat-0ce6978c01d828088",
            "network_interface_id": "eni-0ca59d44d101cc7d2",
            "private_ip": "10.0.2.121",
            "public_ip": "13.238.46.20",
            "subnet_id": "subnet-0637937cdceff4719",
            "tags": {
              "Name": "platformwale-ap-southeast-2c"
            },
            "tags_all": {
              "Name": "platformwale-ap-southeast-2c"
            }
          },
          "sensitive_attributes": [],
          "private": "bnVsbA==",
          "dependencies": [
            "module.cluster.module.vpc_with_subnets.data.aws_availability_zones.available",
            "module.cluster.module.vpc_with_subnets.module.vpc_and_subnets.aws_eip.nat",
            "module.cluster.module.vpc_with_subnets.module.vpc_and_subnets.aws_internet_gateway.this",
            "module.cluster.module.vpc_with_subnets.module.vpc_and_subnets.aws_subnet.public",
            "module.cluster.module.vpc_with_subnets.module.vpc_and_subnets.aws_vpc.this",
            "module.cluster.module.vpc_with_subnets.module.vpc_and_subnets.aws_vpc_ipv4_cidr_block_association.this"
          ]
        }
      ]
    },
    {
      "module": "module.cluster.module.vpc_with_subnets.module.vpc_and_subnets",
      "mode": "managed",
      "type": "aws_route",
      "name": "private_nat_gateway",
      "provider": "provider[\"registry.terraform.io/hashicorp/aws\"]",
      "instances": [
        {
          "index_key": 0,
          "schema_version": 0,
          "attributes": {
            "carrier_gateway_id": "",
            "core_network_arn": "",
            "destination_cidr_block": "0.0.0.0/0",
            "destination_ipv6_cidr_block": "",
            "destination_prefix_list_id": "",
            "egress_only_gateway_id": "",
            "gateway_id": "",
            "id": "r-rtb-00986c27de9fa45aa1080289494",
            "instance_id": "",
            "instance_owner_id": "",
            "local_gateway_id": "",
            "nat_gateway_id": "nat-03c02dfcfad509efd",
            "network_interface_id": "",
            "origin": "CreateRoute",
            "route_table_id": "rtb-00986c27de9fa45aa",
            "state": "active",
            "timeouts": {
              "create": "5m",
              "delete": null,
              "update": null
            },
            "transit_gateway_id": "",
            "vpc_endpoint_id": "",
            "vpc_peering_connection_id": ""
          },
          "sensitive_attributes": [],
          "private": "eyJlMmJmYjczMC1lY2FhLTExZTYtOGY4OC0zNDM2M2JjN2M0YzAiOnsiY3JlYXRlIjozMDAwMDAwMDAwMDAsImRlbGV0ZSI6MzAwMDAwMDAwMDAwLCJ1cGRhdGUiOjEyMDAwMDAwMDAwMH19",
          "dependencies": [
            "module.cluster.module.vpc_with_subnets.data.aws_availability_zones.available",
            "module.cluster.module.vpc_with_subnets.module.vpc_and_subnets.aws_eip.nat",
            "module.cluster.module.vpc_with_subnets.module.vpc_and_subnets.aws_internet_gateway.this",
            "module.cluster.module.vpc_with_subnets.module.vpc_and_subnets.aws_nat_gateway.this",
            "module.cluster.module.vpc_with_subnets.module.vpc_and_subnets.aws_route_table.private",
            "module.cluster.module.vpc_with_subnets.module.vpc_and_subnets.aws_subnet.public",
            "module.cluster.module.vpc_with_subnets.module.vpc_and_subnets.aws_vpc.this",
            "module.cluster.module.vpc_with_subnets.module.vpc_and_subnets.aws_vpc_ipv4_cidr_block_association.this"
          ]
        },
        {
          "index_key": 1,
          "schema_version": 0,
          "attributes": {
            "carrier_gateway_id": "",
            "core_network_arn": "",
            "destination_cidr_block": "0.0.0.0/0",
            "destination_ipv6_cidr_block": "",
            "destination_prefix_list_id": "",
            "egress_only_gateway_id": "",
            "gateway_id": "",
            "id": "r-rtb-0fa3bbaca4307f7751080289494",
            "instance_id": "",
            "instance_owner_id": "",
            "local_gateway_id": "",
            "nat_gateway_id": "nat-04973d63cb9380a10",
            "network_interface_id": "",
            "origin": "CreateRoute",
            "route_table_id": "rtb-0fa3bbaca4307f775",
            "state": "active",
            "timeouts": {
              "create": "5m",
              "delete": null,
              "update": null
            },
            "transit_gateway_id": "",
            "vpc_endpoint_id": "",
            "vpc_peering_connection_id": ""
          },
          "sensitive_attributes": [],
          "private": "eyJlMmJmYjczMC1lY2FhLTExZTYtOGY4OC0zNDM2M2JjN2M0YzAiOnsiY3JlYXRlIjozMDAwMDAwMDAwMDAsImRlbGV0ZSI6MzAwMDAwMDAwMDAwLCJ1cGRhdGUiOjEyMDAwMDAwMDAwMH19",
          "dependencies": [
            "module.cluster.module.vpc_with_subnets.data.aws_availability_zones.available",
            "module.cluster.module.vpc_with_subnets.module.vpc_and_subnets.aws_eip.nat",
            "module.cluster.module.vpc_with_subnets.module.vpc_and_subnets.aws_internet_gateway.this",
            "module.cluster.module.vpc_with_subnets.module.vpc_and_subnets.aws_nat_gateway.this",
            "module.cluster.module.vpc_with_subnets.module.vpc_and_subnets.aws_route_table.private",
            "module.cluster.module.vpc_with_subnets.module.vpc_and_subnets.aws_subnet.public",
            "module.cluster.module.vpc_with_subnets.module.vpc_and_subnets.aws_vpc.this",
            "module.cluster.module.vpc_with_subnets.module.vpc_and_subnets.aws_vpc_ipv4_cidr_block_association.this"
          ]
        },
        {
          "index_key": 2,
          "schema_version": 0,
          "attributes": {
            "carrier_gateway_id": "",
            "core_network_arn": "",
            "destination_cidr_block": "0.0.0.0/0",
            "destination_ipv6_cidr_block": "",
            "destination_prefix_list_id": "",
            "egress_only_gateway_id": "",
            "gateway_id": "",
            "id": "r-rtb-0c9712f677e189e971080289494",
            "instance_id": "",
            "instance_owner_id": "",
            "local_gateway_id": "",
            "nat_gateway_id": "nat-0ce6978c01d828088",
            "network_interface_id": "",
            "origin": "CreateRoute",
            "route_table_id": "rtb-0c9712f677e189e97",
            "state": "active",
            "timeouts": {
              "create": "5m",
              "delete": null,
              "update": null
            },
            "transit_gateway_id": "",
            "vpc_endpoint_id": "",
            "vpc_peering_connection_id": ""
          },
          "sensitive_attributes": [],
          "private": "eyJlMmJmYjczMC1lY2FhLTExZTYtOGY4OC0zNDM2M2JjN2M0YzAiOnsiY3JlYXRlIjozMDAwMDAwMDAwMDAsImRlbGV0ZSI6MzAwMDAwMDAwMDAwLCJ1cGRhdGUiOjEyMDAwMDAwMDAwMH19",
          "dependencies": [
            "module.cluster.module.vpc_with_subnets.data.aws_availability_zones.available",
            "module.cluster.module.vpc_with_subnets.module.vpc_and_subnets.aws_eip.nat",
            "module.cluster.module.vpc_with_subnets.module.vpc_and_subnets.aws_internet_gateway.this",
            "module.cluster.module.vpc_with_subnets.module.vpc_and_subnets.aws_nat_gateway.this",
            "module.cluster.module.vpc_with_subnets.module.vpc_and_subnets.aws_route_table.private",
            "module.cluster.module.vpc_with_subnets.module.vpc_and_subnets.aws_subnet.public",
            "module.cluster.module.vpc_with_subnets.module.vpc_and_subnets.aws_vpc.this",
            "module.cluster.module.vpc_with_subnets.module.vpc_and_subnets.aws_vpc_ipv4_cidr_block_association.this"
          ]
        }
      ]
    },
    {
      "module": "module.cluster.module.vpc_with_subnets.module.vpc_and_subnets",
      "mode": "managed",
      "type": "aws_route",
      "name": "public_internet_gateway",
      "provider": "provider[\"registry.terraform.io/hashicorp/aws\"]",
      "instances": [
        {
          "index_key": 0,
          "schema_version": 0,
          "attributes": {
            "carrier_gateway_id": "",
            "core_network_arn": "",
            "destination_cidr_block": "0.0.0.0/0",
            "destination_ipv6_cidr_block": "",
            "destination_prefix_list_id": "",
            "egress_only_gateway_id": "",
            "gateway_id": "igw-0d857ed673ed5882c",
            "id": "r-rtb-0ecced8f5f78ca69c1080289494",
            "instance_id": "",
            "instance_owner_id": "",
            "local_gateway_id": "",
            "nat_gateway_id": "",
            "network_interface_id": "",
            "origin": "CreateRoute",
            "route_table_id": "rtb-0ecced8f5f78ca69c",
            "state": "active",
            "timeouts": {
              "create": "5m",
              "delete": null,
              "update": null
            },
            "transit_gateway_id": "",
            "vpc_endpoint_id": "",
            "vpc_peering_connection_id": ""
          },
          "sensitive_attributes": [],
          "private": "eyJlMmJmYjczMC1lY2FhLTExZTYtOGY4OC0zNDM2M2JjN2M0YzAiOnsiY3JlYXRlIjozMDAwMDAwMDAwMDAsImRlbGV0ZSI6MzAwMDAwMDAwMDAwLCJ1cGRhdGUiOjEyMDAwMDAwMDAwMH19",
          "dependencies": [
            "module.cluster.module.vpc_with_subnets.module.vpc_and_subnets.aws_internet_gateway.this",
            "module.cluster.module.vpc_with_subnets.module.vpc_and_subnets.aws_route_table.public",
            "module.cluster.module.vpc_with_subnets.module.vpc_and_subnets.aws_vpc.this",
            "module.cluster.module.vpc_with_subnets.module.vpc_and_subnets.aws_vpc_ipv4_cidr_block_association.this"
          ]
        }
      ]
    },
    {
      "module": "module.cluster.module.vpc_with_subnets.module.vpc_and_subnets",
      "mode": "managed",
      "type": "aws_route_table",
      "name": "private",
      "provider": "provider[\"registry.terraform.io/hashicorp/aws\"]",
      "instances": [
        {
          "index_key": 0,
          "schema_version": 0,
          "attributes": {
            "arn": "arn:aws:ec2:ap-southeast-2:835776587202:route-table/rtb-00986c27de9fa45aa",
            "id": "rtb-00986c27de9fa45aa",
            "owner_id": "835776587202",
            "propagating_vgws": [],
            "route": [
              {
                "carrier_gateway_id": "",
                "cidr_block": "0.0.0.0/0",
                "core_network_arn": "",
                "destination_prefix_list_id": "",
                "egress_only_gateway_id": "",
                "gateway_id": "",
                "ipv6_cidr_block": "",
                "local_gateway_id": "",
                "nat_gateway_id": "nat-03c02dfcfad509efd",
                "network_interface_id": "",
                "transit_gateway_id": "",
                "vpc_endpoint_id": "",
                "vpc_peering_connection_id": ""
              }
            ],
            "tags": {
              "Name": "platformwale-private-ap-southeast-2a"
            },
            "tags_all": {
              "Name": "platformwale-private-ap-southeast-2a"
            },
            "timeouts": null,
            "vpc_id": "vpc-0261abb4939096308"
          },
          "sensitive_attributes": [],
          "private": "eyJlMmJmYjczMC1lY2FhLTExZTYtOGY4OC0zNDM2M2JjN2M0YzAiOnsiY3JlYXRlIjozMDAwMDAwMDAwMDAsImRlbGV0ZSI6MzAwMDAwMDAwMDAwLCJ1cGRhdGUiOjEyMDAwMDAwMDAwMH19",
          "dependencies": [
            "module.cluster.module.vpc_with_subnets.data.aws_availability_zones.available",
            "module.cluster.module.vpc_with_subnets.module.vpc_and_subnets.aws_vpc.this",
            "module.cluster.module.vpc_with_subnets.module.vpc_and_subnets.aws_vpc_ipv4_cidr_block_association.this"
          ]
        },
        {
          "index_key": 1,
          "schema_version": 0,
          "attributes": {
            "arn": "arn:aws:ec2:ap-southeast-2:835776587202:route-table/rtb-0fa3bbaca4307f775",
            "id": "rtb-0fa3bbaca4307f775",
            "owner_id": "835776587202",
            "propagating_vgws": [],
            "route": [
              {
                "carrier_gateway_id": "",
                "cidr_block": "0.0.0.0/0",
                "core_network_arn": "",
                "destination_prefix_list_id": "",
                "egress_only_gateway_id": "",
                "gateway_id": "",
                "ipv6_cidr_block": "",
                "local_gateway_id": "",
                "nat_gateway_id": "nat-04973d63cb9380a10",
                "network_interface_id": "",
                "transit_gateway_id": "",
                "vpc_endpoint_id": "",
                "vpc_peering_connection_id": ""
              }
            ],
            "tags": {
              "Name": "platformwale-private-ap-southeast-2b"
            },
            "tags_all": {
              "Name": "platformwale-private-ap-southeast-2b"
            },
            "timeouts": null,
            "vpc_id": "vpc-0261abb4939096308"
          },
          "sensitive_attributes": [],
          "private": "eyJlMmJmYjczMC1lY2FhLTExZTYtOGY4OC0zNDM2M2JjN2M0YzAiOnsiY3JlYXRlIjozMDAwMDAwMDAwMDAsImRlbGV0ZSI6MzAwMDAwMDAwMDAwLCJ1cGRhdGUiOjEyMDAwMDAwMDAwMH19",
          "dependencies": [
            "module.cluster.module.vpc_with_subnets.data.aws_availability_zones.available",
            "module.cluster.module.vpc_with_subnets.module.vpc_and_subnets.aws_vpc.this",
            "module.cluster.module.vpc_with_subnets.module.vpc_and_subnets.aws_vpc_ipv4_cidr_block_association.this"
          ]
        },
        {
          "index_key": 2,
          "schema_version": 0,
          "attributes": {
            "arn": "arn:aws:ec2:ap-southeast-2:835776587202:route-table/rtb-0c9712f677e189e97",
            "id": "rtb-0c9712f677e189e97",
            "owner_id": "835776587202",
            "propagating_vgws": [],
            "route": [
              {
                "carrier_gateway_id": "",
                "cidr_block": "0.0.0.0/0",
                "core_network_arn": "",
                "destination_prefix_list_id": "",
                "egress_only_gateway_id": "",
                "gateway_id": "",
                "ipv6_cidr_block": "",
                "local_gateway_id": "",
                "nat_gateway_id": "nat-0ce6978c01d828088",
                "network_interface_id": "",
                "transit_gateway_id": "",
                "vpc_endpoint_id": "",
                "vpc_peering_connection_id": ""
              }
            ],
            "tags": {
              "Name": "platformwale-private-ap-southeast-2c"
            },
            "tags_all": {
              "Name": "platformwale-private-ap-southeast-2c"
            },
            "timeouts": null,
            "vpc_id": "vpc-0261abb4939096308"
          },
          "sensitive_attributes": [],
          "private": "eyJlMmJmYjczMC1lY2FhLTExZTYtOGY4OC0zNDM2M2JjN2M0YzAiOnsiY3JlYXRlIjozMDAwMDAwMDAwMDAsImRlbGV0ZSI6MzAwMDAwMDAwMDAwLCJ1cGRhdGUiOjEyMDAwMDAwMDAwMH19",
          "dependencies": [
            "module.cluster.module.vpc_with_subnets.data.aws_availability_zones.available",
            "module.cluster.module.vpc_with_subnets.module.vpc_and_subnets.aws_vpc.this",
            "module.cluster.module.vpc_with_subnets.module.vpc_and_subnets.aws_vpc_ipv4_cidr_block_association.this"
          ]
        }
      ]
    },
    {
      "module": "module.cluster.module.vpc_with_subnets.module.vpc_and_subnets",
      "mode": "managed",
      "type": "aws_route_table",
      "name": "public",
      "provider": "provider[\"registry.terraform.io/hashicorp/aws\"]",
      "instances": [
        {
          "index_key": 0,
          "schema_version": 0,
          "attributes": {
            "arn": "arn:aws:ec2:ap-southeast-2:835776587202:route-table/rtb-0ecced8f5f78ca69c",
            "id": "rtb-0ecced8f5f78ca69c",
            "owner_id": "835776587202",
            "propagating_vgws": [],
            "route": [
              {
                "carrier_gateway_id": "",
                "cidr_block": "0.0.0.0/0",
                "core_network_arn": "",
                "destination_prefix_list_id": "",
                "egress_only_gateway_id": "",
                "gateway_id": "igw-0d857ed673ed5882c",
                "ipv6_cidr_block": "",
                "local_gateway_id": "",
                "nat_gateway_id": "",
                "network_interface_id": "",
                "transit_gateway_id": "",
                "vpc_endpoint_id": "",
                "vpc_peering_connection_id": ""
              }
            ],
            "tags": {
              "Name": "platformwale-public"
            },
            "tags_all": {
              "Name": "platformwale-public"
            },
            "timeouts": null,
            "vpc_id": "vpc-0261abb4939096308"
          },
          "sensitive_attributes": [],
          "private": "eyJlMmJmYjczMC1lY2FhLTExZTYtOGY4OC0zNDM2M2JjN2M0YzAiOnsiY3JlYXRlIjozMDAwMDAwMDAwMDAsImRlbGV0ZSI6MzAwMDAwMDAwMDAwLCJ1cGRhdGUiOjEyMDAwMDAwMDAwMH19",
          "dependencies": [
            "module.cluster.module.vpc_with_subnets.module.vpc_and_subnets.aws_vpc.this",
            "module.cluster.module.vpc_with_subnets.module.vpc_and_subnets.aws_vpc_ipv4_cidr_block_association.this"
          ]
        }
      ]
    },
    {
      "module": "module.cluster.module.vpc_with_subnets.module.vpc_and_subnets",
      "mode": "managed",
      "type": "aws_route_table_association",
      "name": "private",
      "provider": "provider[\"registry.terraform.io/hashicorp/aws\"]",
      "instances": [
        {
          "index_key": 0,
          "schema_version": 0,
          "attributes": {
            "gateway_id": "",
            "id": "rtbassoc-0f1f05a2dff1f4b6f",
            "route_table_id": "rtb-00986c27de9fa45aa",
            "subnet_id": "subnet-0adb0b11660bdc2fe",
            "timeouts": null
          },
          "sensitive_attributes": [],
          "private": "eyJlMmJmYjczMC1lY2FhLTExZTYtOGY4OC0zNDM2M2JjN2M0YzAiOnsiY3JlYXRlIjozMDAwMDAwMDAwMDAsImRlbGV0ZSI6MzAwMDAwMDAwMDAwLCJ1cGRhdGUiOjEyMDAwMDAwMDAwMH19",
          "dependencies": [
            "module.cluster.module.vpc_with_subnets.data.aws_availability_zones.available",
            "module.cluster.module.vpc_with_subnets.module.vpc_and_subnets.aws_route_table.private",
            "module.cluster.module.vpc_with_subnets.module.vpc_and_subnets.aws_subnet.private",
            "module.cluster.module.vpc_with_subnets.module.vpc_and_subnets.aws_vpc.this",
            "module.cluster.module.vpc_with_subnets.module.vpc_and_subnets.aws_vpc_ipv4_cidr_block_association.this"
          ]
        },
        {
          "index_key": 1,
          "schema_version": 0,
          "attributes": {
            "gateway_id": "",
            "id": "rtbassoc-0200c3001f5768153",
            "route_table_id": "rtb-0fa3bbaca4307f775",
            "subnet_id": "subnet-0eab59bca50fffcb2",
            "timeouts": null
          },
          "sensitive_attributes": [],
          "private": "eyJlMmJmYjczMC1lY2FhLTExZTYtOGY4OC0zNDM2M2JjN2M0YzAiOnsiY3JlYXRlIjozMDAwMDAwMDAwMDAsImRlbGV0ZSI6MzAwMDAwMDAwMDAwLCJ1cGRhdGUiOjEyMDAwMDAwMDAwMH19",
          "dependencies": [
            "module.cluster.module.vpc_with_subnets.data.aws_availability_zones.available",
            "module.cluster.module.vpc_with_subnets.module.vpc_and_subnets.aws_route_table.private",
            "module.cluster.module.vpc_with_subnets.module.vpc_and_subnets.aws_subnet.private",
            "module.cluster.module.vpc_with_subnets.module.vpc_and_subnets.aws_vpc.this",
            "module.cluster.module.vpc_with_subnets.module.vpc_and_subnets.aws_vpc_ipv4_cidr_block_association.this"
          ]
        },
        {
          "index_key": 2,
          "schema_version": 0,
          "attributes": {
            "gateway_id": "",
            "id": "rtbassoc-0d027dc1fbf02693a",
            "route_table_id": "rtb-0c9712f677e189e97",
            "subnet_id": "subnet-0f80a31838e15d99f",
            "timeouts": null
          },
          "sensitive_attributes": [],
          "private": "eyJlMmJmYjczMC1lY2FhLTExZTYtOGY4OC0zNDM2M2JjN2M0YzAiOnsiY3JlYXRlIjozMDAwMDAwMDAwMDAsImRlbGV0ZSI6MzAwMDAwMDAwMDAwLCJ1cGRhdGUiOjEyMDAwMDAwMDAwMH19",
          "dependencies": [
            "module.cluster.module.vpc_with_subnets.data.aws_availability_zones.available",
            "module.cluster.module.vpc_with_subnets.module.vpc_and_subnets.aws_route_table.private",
            "module.cluster.module.vpc_with_subnets.module.vpc_and_subnets.aws_subnet.private",
            "module.cluster.module.vpc_with_subnets.module.vpc_and_subnets.aws_vpc.this",
            "module.cluster.module.vpc_with_subnets.module.vpc_and_subnets.aws_vpc_ipv4_cidr_block_association.this"
          ]
        }
      ]
    },
    {
      "module": "module.cluster.module.vpc_with_subnets.module.vpc_and_subnets",
      "mode": "managed",
      "type": "aws_route_table_association",
      "name": "public",
      "provider": "provider[\"registry.terraform.io/hashicorp/aws\"]",
      "instances": [
        {
          "index_key": 0,
          "schema_version": 0,
          "attributes": {
            "gateway_id": "",
            "id": "rtbassoc-0bc3bbec3dc44acca",
            "route_table_id": "rtb-0ecced8f5f78ca69c",
            "subnet_id": "subnet-0fb422d076cfd5a40",
            "timeouts": null
          },
          "sensitive_attributes": [],
          "private": "eyJlMmJmYjczMC1lY2FhLTExZTYtOGY4OC0zNDM2M2JjN2M0YzAiOnsiY3JlYXRlIjozMDAwMDAwMDAwMDAsImRlbGV0ZSI6MzAwMDAwMDAwMDAwLCJ1cGRhdGUiOjEyMDAwMDAwMDAwMH19",
          "dependencies": [
            "module.cluster.module.vpc_with_subnets.data.aws_availability_zones.available",
            "module.cluster.module.vpc_with_subnets.module.vpc_and_subnets.aws_route_table.public",
            "module.cluster.module.vpc_with_subnets.module.vpc_and_subnets.aws_subnet.public",
            "module.cluster.module.vpc_with_subnets.module.vpc_and_subnets.aws_vpc.this",
            "module.cluster.module.vpc_with_subnets.module.vpc_and_subnets.aws_vpc_ipv4_cidr_block_association.this"
          ]
        },
        {
          "index_key": 1,
          "schema_version": 0,
          "attributes": {
            "gateway_id": "",
            "id": "rtbassoc-058a3f9902d97728f",
            "route_table_id": "rtb-0ecced8f5f78ca69c",
            "subnet_id": "subnet-0042d6a345ef90993",
            "timeouts": null
          },
          "sensitive_attributes": [],
          "private": "eyJlMmJmYjczMC1lY2FhLTExZTYtOGY4OC0zNDM2M2JjN2M0YzAiOnsiY3JlYXRlIjozMDAwMDAwMDAwMDAsImRlbGV0ZSI6MzAwMDAwMDAwMDAwLCJ1cGRhdGUiOjEyMDAwMDAwMDAwMH19",
          "dependencies": [
            "module.cluster.module.vpc_with_subnets.data.aws_availability_zones.available",
            "module.cluster.module.vpc_with_subnets.module.vpc_and_subnets.aws_route_table.public",
            "module.cluster.module.vpc_with_subnets.module.vpc_and_subnets.aws_subnet.public",
            "module.cluster.module.vpc_with_subnets.module.vpc_and_subnets.aws_vpc.this",
            "module.cluster.module.vpc_with_subnets.module.vpc_and_subnets.aws_vpc_ipv4_cidr_block_association.this"
          ]
        },
        {
          "index_key": 2,
          "schema_version": 0,
          "attributes": {
            "gateway_id": "",
            "id": "rtbassoc-068855c532d506223",
            "route_table_id": "rtb-0ecced8f5f78ca69c",
            "subnet_id": "subnet-0637937cdceff4719",
            "timeouts": null
          },
          "sensitive_attributes": [],
          "private": "eyJlMmJmYjczMC1lY2FhLTExZTYtOGY4OC0zNDM2M2JjN2M0YzAiOnsiY3JlYXRlIjozMDAwMDAwMDAwMDAsImRlbGV0ZSI6MzAwMDAwMDAwMDAwLCJ1cGRhdGUiOjEyMDAwMDAwMDAwMH19",
          "dependencies": [
            "module.cluster.module.vpc_with_subnets.data.aws_availability_zones.available",
            "module.cluster.module.vpc_with_subnets.module.vpc_and_subnets.aws_route_table.public",
            "module.cluster.module.vpc_with_subnets.module.vpc_and_subnets.aws_subnet.public",
            "module.cluster.module.vpc_with_subnets.module.vpc_and_subnets.aws_vpc.this",
            "module.cluster.module.vpc_with_subnets.module.vpc_and_subnets.aws_vpc_ipv4_cidr_block_association.this"
          ]
        }
      ]
    },
    {
      "module": "module.cluster.module.vpc_with_subnets.module.vpc_and_subnets",
      "mode": "managed",
      "type": "aws_subnet",
      "name": "private",
      "provider": "provider[\"registry.terraform.io/hashicorp/aws\"]",
      "instances": [
        {
          "index_key": 0,
          "schema_version": 1,
          "attributes": {
            "arn": "arn:aws:ec2:ap-southeast-2:835776587202:subnet/subnet-0adb0b11660bdc2fe",
            "assign_ipv6_address_on_creation": false,
            "availability_zone": "ap-southeast-2a",
            "availability_zone_id": "apse2-az1",
            "cidr_block": "10.0.3.0/24",
            "customer_owned_ipv4_pool": "",
            "enable_dns64": false,
            "enable_lni_at_device_index": 0,
            "enable_resource_name_dns_a_record_on_launch": false,
            "enable_resource_name_dns_aaaa_record_on_launch": false,
            "id": "subnet-0adb0b11660bdc2fe",
            "ipv6_cidr_block": "",
            "ipv6_cidr_block_association_id": "",
            "ipv6_native": false,
            "map_customer_owned_ip_on_launch": false,
            "map_public_ip_on_launch": false,
            "outpost_arn": "",
            "owner_id": "835776587202",
            "private_dns_hostname_type_on_launch": "ip-name",
            "tags": {
              "Name": "platformwale-private-ap-southeast-2a"
            },
            "tags_all": {
              "Name": "platformwale-private-ap-southeast-2a"
            },
            "timeouts": null,
            "vpc_id": "vpc-0261abb4939096308"
          },
          "sensitive_attributes": [],
          "private": "eyJlMmJmYjczMC1lY2FhLTExZTYtOGY4OC0zNDM2M2JjN2M0YzAiOnsiY3JlYXRlIjo2MDAwMDAwMDAwMDAsImRlbGV0ZSI6MTIwMDAwMDAwMDAwMH0sInNjaGVtYV92ZXJzaW9uIjoiMSJ9",
          "dependencies": [
            "module.cluster.module.vpc_with_subnets.data.aws_availability_zones.available",
            "module.cluster.module.vpc_with_subnets.module.vpc_and_subnets.aws_vpc.this",
            "module.cluster.module.vpc_with_subnets.module.vpc_and_subnets.aws_vpc_ipv4_cidr_block_association.this"
          ],
          "create_before_destroy": true
        },
        {
          "index_key": 1,
          "schema_version": 1,
          "attributes": {
            "arn": "arn:aws:ec2:ap-southeast-2:835776587202:subnet/subnet-0eab59bca50fffcb2",
            "assign_ipv6_address_on_creation": false,
            "availability_zone": "ap-southeast-2b",
            "availability_zone_id": "apse2-az3",
            "cidr_block": "10.0.4.0/24",
            "customer_owned_ipv4_pool": "",
            "enable_dns64": false,
            "enable_lni_at_device_index": 0,
            "enable_resource_name_dns_a_record_on_launch": false,
            "enable_resource_name_dns_aaaa_record_on_launch": false,
            "id": "subnet-0eab59bca50fffcb2",
            "ipv6_cidr_block": "",
            "ipv6_cidr_block_association_id": "",
            "ipv6_native": false,
            "map_customer_owned_ip_on_launch": false,
            "map_public_ip_on_launch": false,
            "outpost_arn": "",
            "owner_id": "835776587202",
            "private_dns_hostname_type_on_launch": "ip-name",
            "tags": {
              "Name": "platformwale-private-ap-southeast-2b"
            },
            "tags_all": {
              "Name": "platformwale-private-ap-southeast-2b"
            },
            "timeouts": null,
            "vpc_id": "vpc-0261abb4939096308"
          },
          "sensitive_attributes": [],
          "private": "eyJlMmJmYjczMC1lY2FhLTExZTYtOGY4OC0zNDM2M2JjN2M0YzAiOnsiY3JlYXRlIjo2MDAwMDAwMDAwMDAsImRlbGV0ZSI6MTIwMDAwMDAwMDAwMH0sInNjaGVtYV92ZXJzaW9uIjoiMSJ9",
          "dependencies": [
            "module.cluster.module.vpc_with_subnets.data.aws_availability_zones.available",
            "module.cluster.module.vpc_with_subnets.module.vpc_and_subnets.aws_vpc.this",
            "module.cluster.module.vpc_with_subnets.module.vpc_and_subnets.aws_vpc_ipv4_cidr_block_association.this"
          ],
          "create_before_destroy": true
        },
        {
          "index_key": 2,
          "schema_version": 1,
          "attributes": {
            "arn": "arn:aws:ec2:ap-southeast-2:835776587202:subnet/subnet-0f80a31838e15d99f",
            "assign_ipv6_address_on_creation": false,
            "availability_zone": "ap-southeast-2c",
            "availability_zone_id": "apse2-az2",
            "cidr_block": "10.0.5.0/24",
            "customer_owned_ipv4_pool": "",
            "enable_dns64": false,
            "enable_lni_at_device_index": 0,
            "enable_resource_name_dns_a_record_on_launch": false,
            "enable_resource_name_dns_aaaa_record_on_launch": false,
            "id": "subnet-0f80a31838e15d99f",
            "ipv6_cidr_block": "",
            "ipv6_cidr_block_association_id": "",
            "ipv6_native": false,
            "map_customer_owned_ip_on_launch": false,
            "map_public_ip_on_launch": false,
            "outpost_arn": "",
            "owner_id": "835776587202",
            "private_dns_hostname_type_on_launch": "ip-name",
            "tags": {
              "Name": "platformwale-private-ap-southeast-2c"
            },
            "tags_all": {
              "Name": "platformwale-private-ap-southeast-2c"
            },
            "timeouts": null,
            "vpc_id": "vpc-0261abb4939096308"
          },
          "sensitive_attributes": [],
          "private": "eyJlMmJmYjczMC1lY2FhLTExZTYtOGY4OC0zNDM2M2JjN2M0YzAiOnsiY3JlYXRlIjo2MDAwMDAwMDAwMDAsImRlbGV0ZSI6MTIwMDAwMDAwMDAwMH0sInNjaGVtYV92ZXJzaW9uIjoiMSJ9",
          "dependencies": [
            "module.cluster.module.vpc_with_subnets.data.aws_availability_zones.available",
            "module.cluster.module.vpc_with_subnets.module.vpc_and_subnets.aws_vpc.this",
            "module.cluster.module.vpc_with_subnets.module.vpc_and_subnets.aws_vpc_ipv4_cidr_block_association.this"
          ],
          "create_before_destroy": true
        }
      ]
    },
    {
      "module": "module.cluster.module.vpc_with_subnets.module.vpc_and_subnets",
      "mode": "managed",
      "type": "aws_subnet",
      "name": "public",
      "provider": "provider[\"registry.terraform.io/hashicorp/aws\"]",
      "instances": [
        {
          "index_key": 0,
          "schema_version": 1,
          "attributes": {
            "arn": "arn:aws:ec2:ap-southeast-2:835776587202:subnet/subnet-0fb422d076cfd5a40",
            "assign_ipv6_address_on_creation": false,
            "availability_zone": "ap-southeast-2a",
            "availability_zone_id": "apse2-az1",
            "cidr_block": "10.0.0.0/24",
            "customer_owned_ipv4_pool": "",
            "enable_dns64": false,
            "enable_lni_at_device_index": 0,
            "enable_resource_name_dns_a_record_on_launch": false,
            "enable_resource_name_dns_aaaa_record_on_launch": false,
            "id": "subnet-0fb422d076cfd5a40",
            "ipv6_cidr_block": "",
            "ipv6_cidr_block_association_id": "",
            "ipv6_native": false,
            "map_customer_owned_ip_on_launch": false,
            "map_public_ip_on_launch": false,
            "outpost_arn": "",
            "owner_id": "835776587202",
            "private_dns_hostname_type_on_launch": "ip-name",
            "tags": {
              "Name": "platformwale-public-ap-southeast-2a"
            },
            "tags_all": {
              "Name": "platformwale-public-ap-southeast-2a"
            },
            "timeouts": null,
            "vpc_id": "vpc-0261abb4939096308"
          },
          "sensitive_attributes": [],
          "private": "eyJlMmJmYjczMC1lY2FhLTExZTYtOGY4OC0zNDM2M2JjN2M0YzAiOnsiY3JlYXRlIjo2MDAwMDAwMDAwMDAsImRlbGV0ZSI6MTIwMDAwMDAwMDAwMH0sInNjaGVtYV92ZXJzaW9uIjoiMSJ9",
          "dependencies": [
            "module.cluster.module.vpc_with_subnets.data.aws_availability_zones.available",
            "module.cluster.module.vpc_with_subnets.module.vpc_and_subnets.aws_vpc.this",
            "module.cluster.module.vpc_with_subnets.module.vpc_and_subnets.aws_vpc_ipv4_cidr_block_association.this"
          ]
        },
        {
          "index_key": 1,
          "schema_version": 1,
          "attributes": {
            "arn": "arn:aws:ec2:ap-southeast-2:835776587202:subnet/subnet-0042d6a345ef90993",
            "assign_ipv6_address_on_creation": false,
            "availability_zone": "ap-southeast-2b",
            "availability_zone_id": "apse2-az3",
            "cidr_block": "10.0.1.0/24",
            "customer_owned_ipv4_pool": "",
            "enable_dns64": false,
            "enable_lni_at_device_index": 0,
            "enable_resource_name_dns_a_record_on_launch": false,
            "enable_resource_name_dns_aaaa_record_on_launch": false,
            "id": "subnet-0042d6a345ef90993",
            "ipv6_cidr_block": "",
            "ipv6_cidr_block_association_id": "",
            "ipv6_native": false,
            "map_customer_owned_ip_on_launch": false,
            "map_public_ip_on_launch": false,
            "outpost_arn": "",
            "owner_id": "835776587202",
            "private_dns_hostname_type_on_launch": "ip-name",
            "tags": {
              "Name": "platformwale-public-ap-southeast-2b"
            },
            "tags_all": {
              "Name": "platformwale-public-ap-southeast-2b"
            },
            "timeouts": null,
            "vpc_id": "vpc-0261abb4939096308"
          },
          "sensitive_attributes": [],
          "private": "eyJlMmJmYjczMC1lY2FhLTExZTYtOGY4OC0zNDM2M2JjN2M0YzAiOnsiY3JlYXRlIjo2MDAwMDAwMDAwMDAsImRlbGV0ZSI6MTIwMDAwMDAwMDAwMH0sInNjaGVtYV92ZXJzaW9uIjoiMSJ9",
          "dependencies": [
            "module.cluster.module.vpc_with_subnets.data.aws_availability_zones.available",
            "module.cluster.module.vpc_with_subnets.module.vpc_and_subnets.aws_vpc.this",
            "module.cluster.module.vpc_with_subnets.module.vpc_and_subnets.aws_vpc_ipv4_cidr_block_association.this"
          ]
        },
        {
          "index_key": 2,
          "schema_version": 1,
          "attributes": {
            "arn": "arn:aws:ec2:ap-southeast-2:835776587202:subnet/subnet-0637937cdceff4719",
            "assign_ipv6_address_on_creation": false,
            "availability_zone": "ap-southeast-2c",
            "availability_zone_id": "apse2-az2",
            "cidr_block": "10.0.2.0/24",
            "customer_owned_ipv4_pool": "",
            "enable_dns64": false,
            "enable_lni_at_device_index": 0,
            "enable_resource_name_dns_a_record_on_launch": false,
            "enable_resource_name_dns_aaaa_record_on_launch": false,
            "id": "subnet-0637937cdceff4719",
            "ipv6_cidr_block": "",
            "ipv6_cidr_block_association_id": "",
            "ipv6_native": false,
            "map_customer_owned_ip_on_launch": false,
            "map_public_ip_on_launch": false,
            "outpost_arn": "",
            "owner_id": "835776587202",
            "private_dns_hostname_type_on_launch": "ip-name",
            "tags": {
              "Name": "platformwale-public-ap-southeast-2c"
            },
            "tags_all": {
              "Name": "platformwale-public-ap-southeast-2c"
            },
            "timeouts": null,
            "vpc_id": "vpc-0261abb4939096308"
          },
          "sensitive_attributes": [],
          "private": "eyJlMmJmYjczMC1lY2FhLTExZTYtOGY4OC0zNDM2M2JjN2M0YzAiOnsiY3JlYXRlIjo2MDAwMDAwMDAwMDAsImRlbGV0ZSI6MTIwMDAwMDAwMDAwMH0sInNjaGVtYV92ZXJzaW9uIjoiMSJ9",
          "dependencies": [
            "module.cluster.module.vpc_with_subnets.data.aws_availability_zones.available",
            "module.cluster.module.vpc_with_subnets.module.vpc_and_subnets.aws_vpc.this",
            "module.cluster.module.vpc_with_subnets.module.vpc_and_subnets.aws_vpc_ipv4_cidr_block_association.this"
          ]
        }
      ]
    },
    {
      "module": "module.cluster.module.vpc_with_subnets.module.vpc_and_subnets",
      "mode": "managed",
      "type": "aws_vpc",
      "name": "this",
      "provider": "provider[\"registry.terraform.io/hashicorp/aws\"]",
      "instances": [
        {
          "index_key": 0,
          "schema_version": 1,
          "attributes": {
            "arn": "arn:aws:ec2:ap-southeast-2:835776587202:vpc/vpc-0261abb4939096308",
            "assign_generated_ipv6_cidr_block": false,
            "cidr_block": "10.0.0.0/16",
            "default_network_acl_id": "acl-0b42b87ac9c34d153",
            "default_route_table_id": "rtb-021cb6c777a9d9e12",
            "default_security_group_id": "sg-02fd77a3d8fcc4635",
            "dhcp_options_id": "dopt-a7362fc0",
            "enable_dns_hostnames": true,
            "enable_dns_support": true,
            "enable_network_address_usage_metrics": false,
            "id": "vpc-0261abb4939096308",
            "instance_tenancy": "default",
            "ipv4_ipam_pool_id": null,
            "ipv4_netmask_length": null,
            "ipv6_association_id": "",
            "ipv6_cidr_block": "",
            "ipv6_cidr_block_network_border_group": "",
            "ipv6_ipam_pool_id": "",
            "ipv6_netmask_length": 0,
            "main_route_table_id": "rtb-021cb6c777a9d9e12",
            "owner_id": "835776587202",
            "tags": {
              "Name": "platformwale"
            },
            "tags_all": {
              "Name": "platformwale"
            }
          },
          "sensitive_attributes": [],
          "private": "eyJzY2hlbWFfdmVyc2lvbiI6IjEifQ==",
          "create_before_destroy": true
        }
      ]
    }
  ],
  "check_results": null
}
